// !$*UTF8*$!
{
	archiveVersion = 1;
	classes = {
	};
	objectVersion = 39;
	objects = {
		080E96DDFE201D6D7F000001 = {
			children = (
				556E5D7706C3411C005CA3AF,
				55ED461F057DCB6C00775E5C,
				55ED4620057DCB6C00775E5C,
				554CB6CE059FFEAA007406FA,
				554CB6CF059FFEAA007406FA,
				55ED4613057DC5A000775E5C,
				55ED4614057DC5A000775E5C,
				55ED4623057DCB7400775E5C,
				55ED4624057DCB7400775E5C,
				55040B44057F172C001A8909,
			);
			isa = PBXGroup;
			name = Classes;
			refType = 4;
			sourceTree = "<group>";
		};
		089C165CFE840E0CC02AAC07 = {
			children = (
				089C165DFE840E0CC02AAC07,
			);
			isa = PBXVariantGroup;
			name = InfoPlist.strings;
			refType = 4;
			sourceTree = "<group>";
		};
		089C165DFE840E0CC02AAC07 = {
			fileEncoding = 10;
			isa = PBXFileReference;
			lastKnownFileType = text.plist.strings;
			name = English;
			path = English.lproj/InfoPlist.strings;
			refType = 4;
			sourceTree = "<group>";
		};
//080
//081
//082
//083
//084
//100
//101
//102
//103
//104
		1058C7A0FEA54F0111CA2CBB = {
			children = (
				F5B89879047EFD6601A800AB,
				1058C7A1FEA54F0111CA2CBB,
			);
			isa = PBXGroup;
			name = "Linked Frameworks";
			refType = 4;
			sourceTree = "<group>";
		};
		1058C7A1FEA54F0111CA2CBB = {
			isa = PBXFileReference;
			lastKnownFileType = wrapper.framework;
			name = Cocoa.framework;
			path = /System/Library/Frameworks/Cocoa.framework;
			refType = 0;
			sourceTree = "<absolute>";
		};
		1058C7A2FEA54F0111CA2CBB = {
			children = (
				29B97325FDCFA39411CA2CEA,
				29B97324FDCFA39411CA2CEA,
			);
			isa = PBXGroup;
			name = "Other Frameworks";
			refType = 4;
			sourceTree = "<group>";
		};
//100
//101
//102
//103
//104
//290
//291
//292
//293
//294
		29B97313FDCFA39411CA2CEA = {
			buildSettings = {
			};
			buildStyles = (
				4A9504CCFFE6A4B311CA0CBA,
				4A9504CDFFE6A4B311CA0CBA,
			);
			hasScannedForEncodings = 1;
			isa = PBXProject;
			mainGroup = 29B97314FDCFA39411CA2CEA;
			productRefGroup = 555CBF9306C34D0B0041AF04;
			projectDirPath = "";
			targets = (
				55395DB3059E88580042782B,
				5558DAC9082047AF001BFED9,
			);
		};
		29B97314FDCFA39411CA2CEA = {
			children = (
				55A2F2F006CD86C3005813D4,
				55A2F2F106CD86C3005813D4,
				F5532CEC0414908501A800BD,
				080E96DDFE201D6D7F000001,
				29B97315FDCFA39411CA2CEA,
				29B97317FDCFA39411CA2CEA,
				29B97323FDCFA39411CA2CEA,
				55395D9B059E68290042782B,
				555CBF9306C34D0B0041AF04,
			);
			isa = PBXGroup;
			name = "Flirt test";
			path = "";
			refType = 4;
			sourceTree = "<group>";
		};
		29B97315FDCFA39411CA2CEA = {
			children = (
				558C578D0829F73F00A1E433,
				55ED4638057DCF1D00775E5C,
				5549C10A06D8787200042D6A,
				55FACCBD06D9322C00B7BE9D,
				5549C10B06D8787200042D6A,
				558CCBA8082881AA00FDA749,
				550D5926081DBD8A0019593D,
			);
			isa = PBXGroup;
			name = "Other Sources";
			path = "";
			refType = 4;
			sourceTree = "<group>";
		};
		29B97317FDCFA39411CA2CEA = {
			children = (
				F5B58826041C1A0201A800BD,
				089C165CFE840E0CC02AAC07,
				55ED4629057DCB8700775E5C,
				29B97318FDCFA39411CA2CEA,
			);
			isa = PBXGroup;
			name = Resources;
			path = "";
			refType = 4;
			sourceTree = "<group>";
		};
		29B97318FDCFA39411CA2CEA = {
			children = (
				29B97319FDCFA39411CA2CEA,
			);
			isa = PBXVariantGroup;
			name = MainMenu.nib;
			path = "";
			refType = 4;
			sourceTree = "<group>";
		};
		29B97319FDCFA39411CA2CEA = {
			isa = PBXFileReference;
			lastKnownFileType = wrapper.nib;
			name = English;
			path = English.lproj/MainMenu.nib;
			refType = 4;
			sourceTree = "<group>";
		};
		29B97323FDCFA39411CA2CEA = {
			children = (
				1058C7A0FEA54F0111CA2CBB,
				1058C7A2FEA54F0111CA2CBB,
			);
			isa = PBXGroup;
			name = Frameworks;
			path = "";
			refType = 4;
			sourceTree = "<group>";
		};
		29B97324FDCFA39411CA2CEA = {
			isa = PBXFileReference;
			lastKnownFileType = wrapper.framework;
			name = AppKit.framework;
			path = /System/Library/Frameworks/AppKit.framework;
			refType = 0;
			sourceTree = "<absolute>";
		};
		29B97325FDCFA39411CA2CEA = {
			isa = PBXFileReference;
			lastKnownFileType = wrapper.framework;
			name = Foundation.framework;
			path = /System/Library/Frameworks/Foundation.framework;
			refType = 0;
			sourceTree = "<absolute>";
		};
//290
//291
//292
//293
//294
//4A0
//4A1
//4A2
//4A3
//4A4
		4A9504CCFFE6A4B311CA0CBA = {
			buildSettings = {
				COPY_PHASE_STRIP = NO;
				GCC_DYNAMIC_NO_PIC = NO;
				GCC_ENABLE_FIX_AND_CONTINUE = YES;
				GCC_GENERATE_DEBUGGING_SYMBOLS = YES;
				GCC_OPTIMIZATION_LEVEL = 0;
				OPTIMIZATION_CFLAGS = "-O0";
				ZERO_LINK = NO;
			};
			isa = PBXBuildStyle;
			name = Development;
		};
		4A9504CDFFE6A4B311CA0CBA = {
			buildSettings = {
				COPY_PHASE_STRIP = YES;
				GCC_ENABLE_FIX_AND_CONTINUE = NO;
				OPTIMIZATION_CFLAGS = "-O4 -funroll-loops -fomit-frame-pointer -ffast-math";
				ZERO_LINK = NO;
			};
			isa = PBXBuildStyle;
			name = Deployment;
		};
//4A0
//4A1
//4A2
//4A3
//4A4
//550
//551
//552
//553
//554
		55040B44057F172C001A8909 = {
			fileEncoding = 4;
			isa = PBXFileReference;
			lastKnownFileType = sourcecode.c.h;
			name = LocaleMacros.h;
			path = src/LocaleMacros.h;
			refType = 4;
			sourceTree = "<group>";
		};
		550A307E08209BA000AE7041 = {
			fileEncoding = 4;
			isa = PBXFileReference;
			lastKnownFileType = sourcecode.c.c;
			path = mp3decoder.c;
			refType = 4;
			sourceTree = "<group>";
		};
		550A307F08209BA000AE7041 = {
			fileRef = 550A307E08209BA000AE7041;
			isa = PBXBuildFile;
			settings = {
			};
		};
		550A308008209BA900AE7041 = {
			fileRef = 550A307E08209BA000AE7041;
			isa = PBXBuildFile;
			settings = {
			};
		};
		550A308508209BC100AE7041 = {
			fileEncoding = 4;
			isa = PBXFileReference;
			lastKnownFileType = sourcecode.c.h;
			path = mp3decoder.h;
			refType = 4;
			sourceTree = "<group>";
		};
		550A308608209BC100AE7041 = {
			fileRef = 550A308508209BC100AE7041;
			isa = PBXBuildFile;
			settings = {
			};
		};
		550A31080820A11500AE7041 = {
			fileEncoding = 30;
			isa = PBXFileReference;
			lastKnownFileType = sourcecode.c.h;
			path = config.h;
			refType = 4;
			sourceTree = "<group>";
		};
		550A31090820A11500AE7041 = {
			fileRef = 550A31080820A11500AE7041;
			isa = PBXBuildFile;
			settings = {
			};
		};
		550D5926081DBD8A0019593D = {
			fileEncoding = 30;
			isa = PBXFileReference;
			lastKnownFileType = sourcecode.c.c;
			name = sdltest.c;
			path = ../SDL/sdltest.c;
			refType = 2;
			sourceTree = SOURCE_ROOT;
		};
		552762150683C5E3006F9AF7 = {
			children = (
				552762280683C5E3006F9AF7,
				552762170683C5E3006F9AF7,
				552762180683C5E3006F9AF7,
				552762190683C5E3006F9AF7,
				5527621A0683C5E3006F9AF7,
				5527621B0683C5E3006F9AF7,
				55DDC6E0068AA79A0069B050,
				5527621C0683C5E3006F9AF7,
				55F31AC906D5CEDC00271D86,
				5549BEB106D864E900042D6A,
				5527621D0683C5E3006F9AF7,
				5527621E0683C5E3006F9AF7,
				5527621F0683C5E3006F9AF7,
				552762200683C5E3006F9AF7,
				552762210683C5E3006F9AF7,
				552762220683C5E3006F9AF7,
				552762230683C5E3006F9AF7,
				552762240683C5E3006F9AF7,
				552762250683C5E3006F9AF7,
				552762260683C5E3006F9AF7,
				552762270683C5E3006F9AF7,
				552762290683C5E3006F9AF7,
				5527622A0683C5E3006F9AF7,
				5527622B0683C5E3006F9AF7,
				5527622C0683C5E3006F9AF7,
				5527622D0683C5E3006F9AF7,
				5527622E0683C5E3006F9AF7,
				5527622F0683C5E3006F9AF7,
			);
			isa = PBXGroup;
			path = classes;
			refType = 4;
			sourceTree = "<group>";
		};
		552762170683C5E3006F9AF7 = {
			fileEncoding = 30;
			isa = PBXFileReference;
			lastKnownFileType = sourcecode.c.c;
			path = array_class.c;
			refType = 4;
			sourceTree = "<group>";
		};
		552762180683C5E3006F9AF7 = {
			fileEncoding = 30;
			isa = PBXFileReference;
			lastKnownFileType = sourcecode.c.h;
			path = array_class.h;
			refType = 4;
			sourceTree = "<group>";
		};
		552762190683C5E3006F9AF7 = {
			fileEncoding = 30;
			isa = PBXFileReference;
			lastKnownFileType = sourcecode.c.h;
			path = boolean_class.h;
			refType = 4;
			sourceTree = "<group>";
		};
		5527621A0683C5E3006F9AF7 = {
			fileEncoding = 30;
			isa = PBXFileReference;
			lastKnownFileType = sourcecode.c.c;
			path = color_class.c;
			refType = 4;
			sourceTree = "<group>";
		};
		5527621B0683C5E3006F9AF7 = {
			fileEncoding = 30;
			isa = PBXFileReference;
			lastKnownFileType = sourcecode.c.h;
			path = color_class.h;
			refType = 4;
			sourceTree = "<group>";
		};
		5527621C0683C5E3006F9AF7 = {
			fileEncoding = 30;
			isa = PBXFileReference;
			lastKnownFileType = sourcecode.c.h;
			path = date_class.h;
			refType = 4;
			sourceTree = "<group>";
		};
		5527621D0683C5E3006F9AF7 = {
			fileEncoding = 30;
			isa = PBXFileReference;
			lastKnownFileType = sourcecode.c.h;
			path = global.h;
			refType = 4;
			sourceTree = "<group>";
		};
		5527621E0683C5E3006F9AF7 = {
			fileEncoding = 30;
			isa = PBXFileReference;
			lastKnownFileType = sourcecode.c.c;
			path = key_class.c;
			refType = 4;
			sourceTree = "<group>";
		};
		5527621F0683C5E3006F9AF7 = {
			fileEncoding = 30;
			isa = PBXFileReference;
			lastKnownFileType = sourcecode.c.h;
			path = key_class.h;
			refType = 4;
			sourceTree = "<group>";
		};
		552762200683C5E3006F9AF7 = {
			fileEncoding = 30;
			isa = PBXFileReference;
			lastKnownFileType = sourcecode.c.c;
			path = math_class.c;
			refType = 4;
			sourceTree = "<group>";
		};
		552762210683C5E3006F9AF7 = {
			fileEncoding = 30;
			isa = PBXFileReference;
			lastKnownFileType = sourcecode.c.h;
			path = math_class.h;
			refType = 4;
			sourceTree = "<group>";
		};
		552762220683C5E3006F9AF7 = {
			fileEncoding = 30;
			isa = PBXFileReference;
			lastKnownFileType = sourcecode.c.h;
			path = mouse_class.h;
			refType = 4;
			sourceTree = "<group>";
		};
		552762230683C5E3006F9AF7 = {
			fileEncoding = 30;
			isa = PBXFileReference;
			lastKnownFileType = sourcecode.c.c;
			path = movieclip_class.c;
			refType = 4;
			sourceTree = "<group>";
		};
		552762240683C5E3006F9AF7 = {
			fileEncoding = 30;
			isa = PBXFileReference;
			lastKnownFileType = sourcecode.c.h;
			path = movieclip_class.h;
			refType = 4;
			sourceTree = "<group>";
		};
		552762250683C5E3006F9AF7 = {
			fileEncoding = 30;
			isa = PBXFileReference;
			lastKnownFileType = sourcecode.c.h;
			path = number_class.h;
			refType = 4;
			sourceTree = "<group>";
		};
		552762260683C5E3006F9AF7 = {
			fileEncoding = 30;
			isa = PBXFileReference;
			lastKnownFileType = sourcecode.c.c;
			path = object_class.c;
			refType = 4;
			sourceTree = "<group>";
		};
		552762270683C5E3006F9AF7 = {
			fileEncoding = 30;
			isa = PBXFileReference;
			lastKnownFileType = sourcecode.c.h;
			path = object_class.h;
			refType = 4;
			sourceTree = "<group>";
		};
		552762280683C5E3006F9AF7 = {
			fileEncoding = 30;
			isa = PBXFileReference;
			lastKnownFileType = text;
			path = README;
			refType = 4;
			sourceTree = "<group>";
		};
		552762290683C5E3006F9AF7 = {
			fileEncoding = 30;
			isa = PBXFileReference;
			lastKnownFileType = sourcecode.c.h;
			path = selection_class.h;
			refType = 4;
			sourceTree = "<group>";
		};
		5527622A0683C5E3006F9AF7 = {
			fileEncoding = 30;
			isa = PBXFileReference;
			lastKnownFileType = sourcecode.c.h;
			path = sound_class.h;
			refType = 4;
			sourceTree = "<group>";
		};
		5527622B0683C5E3006F9AF7 = {
			fileEncoding = 30;
			isa = PBXFileReference;
			lastKnownFileType = sourcecode.c.c;
			path = string_class.c;
			refType = 4;
			sourceTree = "<group>";
		};
		5527622C0683C5E3006F9AF7 = {
			fileEncoding = 30;
			isa = PBXFileReference;
			lastKnownFileType = sourcecode.c.h;
			path = string_class.h;
			refType = 4;
			sourceTree = "<group>";
		};
		5527622D0683C5E3006F9AF7 = {
			fileEncoding = 30;
			isa = PBXFileReference;
			lastKnownFileType = sourcecode.c.h;
			path = textformat_class.h;
			refType = 4;
			sourceTree = "<group>";
		};
		5527622E0683C5E3006F9AF7 = {
			fileEncoding = 30;
			isa = PBXFileReference;
			lastKnownFileType = sourcecode.c.h;
			path = xml_class.h;
			refType = 4;
			sourceTree = "<group>";
		};
		5527622F0683C5E3006F9AF7 = {
			fileEncoding = 30;
			isa = PBXFileReference;
			lastKnownFileType = sourcecode.c.h;
			path = xmlsocket_class.h;
			refType = 4;
			sourceTree = "<group>";
		};
		552762310683C5E3006F9AF7 = {
			fileRef = 552762170683C5E3006F9AF7;
			isa = PBXBuildFile;
			settings = {
			};
		};
		552762320683C5E3006F9AF7 = {
			fileRef = 552762180683C5E3006F9AF7;
			isa = PBXBuildFile;
			settings = {
			};
		};
		552762330683C5E3006F9AF7 = {
			fileRef = 552762190683C5E3006F9AF7;
			isa = PBXBuildFile;
			settings = {
			};
		};
		552762340683C5E3006F9AF7 = {
			fileRef = 5527621A0683C5E3006F9AF7;
			isa = PBXBuildFile;
			settings = {
			};
		};
		552762350683C5E3006F9AF7 = {
			fileRef = 5527621B0683C5E3006F9AF7;
			isa = PBXBuildFile;
			settings = {
			};
		};
		552762360683C5E3006F9AF7 = {
			fileRef = 5527621C0683C5E3006F9AF7;
			isa = PBXBuildFile;
			settings = {
			};
		};
		552762370683C5E3006F9AF7 = {
			fileRef = 5527621D0683C5E3006F9AF7;
			isa = PBXBuildFile;
			settings = {
			};
		};
		552762380683C5E3006F9AF7 = {
			fileRef = 5527621E0683C5E3006F9AF7;
			isa = PBXBuildFile;
			settings = {
			};
		};
		552762390683C5E3006F9AF7 = {
			fileRef = 5527621F0683C5E3006F9AF7;
			isa = PBXBuildFile;
			settings = {
			};
		};
		5527623A0683C5E3006F9AF7 = {
			fileRef = 552762200683C5E3006F9AF7;
			isa = PBXBuildFile;
			settings = {
			};
		};
		5527623B0683C5E3006F9AF7 = {
			fileRef = 552762210683C5E3006F9AF7;
			isa = PBXBuildFile;
			settings = {
			};
		};
		5527623C0683C5E3006F9AF7 = {
			fileRef = 552762220683C5E3006F9AF7;
			isa = PBXBuildFile;
			settings = {
			};
		};
		5527623D0683C5E3006F9AF7 = {
			fileRef = 552762230683C5E3006F9AF7;
			isa = PBXBuildFile;
			settings = {
			};
		};
		5527623E0683C5E3006F9AF7 = {
			fileRef = 552762240683C5E3006F9AF7;
			isa = PBXBuildFile;
			settings = {
			};
		};
		5527623F0683C5E3006F9AF7 = {
			fileRef = 552762250683C5E3006F9AF7;
			isa = PBXBuildFile;
			settings = {
			};
		};
		552762400683C5E3006F9AF7 = {
			fileRef = 552762260683C5E3006F9AF7;
			isa = PBXBuildFile;
			settings = {
			};
		};
		552762410683C5E3006F9AF7 = {
			fileRef = 552762270683C5E3006F9AF7;
			isa = PBXBuildFile;
			settings = {
			};
		};
		552762430683C5E3006F9AF7 = {
			fileRef = 552762290683C5E3006F9AF7;
			isa = PBXBuildFile;
			settings = {
			};
		};
		552762440683C5E3006F9AF7 = {
			fileRef = 5527622A0683C5E3006F9AF7;
			isa = PBXBuildFile;
			settings = {
			};
		};
		552762450683C5E3006F9AF7 = {
			fileRef = 5527622B0683C5E3006F9AF7;
			isa = PBXBuildFile;
			settings = {
			};
		};
		552762460683C5E3006F9AF7 = {
			fileRef = 5527622C0683C5E3006F9AF7;
			isa = PBXBuildFile;
			settings = {
			};
		};
		552762470683C5E3006F9AF7 = {
			fileRef = 5527622D0683C5E3006F9AF7;
			isa = PBXBuildFile;
			settings = {
			};
		};
		552762480683C5E4006F9AF7 = {
			fileRef = 5527622E0683C5E3006F9AF7;
			isa = PBXBuildFile;
			settings = {
			};
		};
		552762490683C5E4006F9AF7 = {
			fileRef = 5527622F0683C5E3006F9AF7;
			isa = PBXBuildFile;
			settings = {
			};
		};
		55395D9B059E68290042782B = {
			isa = PBXFileReference;
			lastKnownFileType = text.xml;
			path = "Info-Flirt_test.plist";
			refType = 4;
			sourceTree = "<group>";
		};
		55395DB3059E88580042782B = {
			buildPhases = (
				55395DB4059E88580042782B,
				55395E14059E88580042782B,
				55395E1A059E88580042782B,
				55395E70059E88580042782B,
				55395E73059E88580042782B,
			);
			buildRules = (
			);
			buildSettings = {
				CC = "/usr/bin/gcc-3.3";
				FRAMEWORK_SEARCH_PATHS = /Users/dave/Library/Frameworks;
				HEADER_SEARCH_PATHS = "";
				INFOPLIST_FILE = "Info-Flirt_test.plist";
				INSTALL_PATH = "$(HOME)/Applications";
				LIBRARY_SEARCH_PATHS = "";
				OTHER_CFLAGS = "-DDD_PLATFORM_MAC_OS_X -DDD_BIG_ENDIAN";
				OTHER_LDFLAGS = "-lz -ljpeg -lpng";
				PRODUCT_NAME = "Flirt test";
				SECTORDER_FLAGS = "";
				WARNING_CFLAGS = "-Wmost -Wno-four-char-constants -Wno-unknown-pragmas";
				WRAPPER_EXTENSION = app;
			};
			dependencies = (
			);
			isa = PBXNativeTarget;
			name = "Flirt test";
			productInstallPath = "$(HOME)/Applications";
			productName = "Flirt test";
			productReference = 555CBF9206C34D0B0041AF04;
			productType = "com.apple.product-type.application";
		};
		55395DB4059E88580042782B = {
			buildActionMask = 2147483647;
			files = (
				55395DB5059E88580042782B,
				55395DB6059E88580042782B,
				55395DB7059E88580042782B,
				55395DB8059E88580042782B,
				55395DB9059E88580042782B,
				55395DBA059E88580042782B,
				55395DBD059E88580042782B,
				55395DBE059E88580042782B,
				55395DBF059E88580042782B,
				55395DC0059E88580042782B,
				55395DC1059E88580042782B,
				55395DC2059E88580042782B,
				55395DC3059E88580042782B,
				55395DC4059E88580042782B,
				55395DC5059E88580042782B,
				55395DC6059E88580042782B,
				55395DC7059E88580042782B,
				55395DC8059E88580042782B,
				55395DC9059E88580042782B,
				55395DCA059E88580042782B,
				55395DCB059E88580042782B,
				55395DCC059E88580042782B,
				55395DCD059E88580042782B,
				55395DCE059E88580042782B,
				55395DCF059E88580042782B,
				55395DD0059E88580042782B,
				55395DD1059E88580042782B,
				55395DD2059E88580042782B,
				55395DD3059E88580042782B,
				55395DD4059E88580042782B,
				55395DD5059E88580042782B,
				55395DD6059E88580042782B,
				55395DD7059E88580042782B,
				55395DD8059E88580042782B,
				55395DD9059E88580042782B,
				55395DDA059E88580042782B,
				55395DDB059E88580042782B,
				55395DDC059E88580042782B,
				55395DDD059E88580042782B,
				55395DDE059E88580042782B,
				55395DDF059E88580042782B,
				55395DE0059E88580042782B,
				55395DE1059E88580042782B,
				55395DE2059E88580042782B,
				55395DE3059E88580042782B,
				55395DE4059E88580042782B,
				55395DE5059E88580042782B,
				55395DE6059E88580042782B,
				55395DE7059E88580042782B,
				55395DE8059E88580042782B,
				55395DE9059E88580042782B,
				55395DEA059E88580042782B,
				55395DEB059E88580042782B,
				55395DEC059E88580042782B,
				55395DEE059E88580042782B,
				55395DEF059E88580042782B,
				55395DF0059E88580042782B,
				55395DF1059E88580042782B,
				55395E0C059E88580042782B,
				552762320683C5E3006F9AF7,
				552762330683C5E3006F9AF7,
				552762350683C5E3006F9AF7,
				552762360683C5E3006F9AF7,
				552762370683C5E3006F9AF7,
				552762390683C5E3006F9AF7,
				5527623B0683C5E3006F9AF7,
				5527623C0683C5E3006F9AF7,
				5527623E0683C5E3006F9AF7,
				5527623F0683C5E3006F9AF7,
				552762410683C5E3006F9AF7,
				552762430683C5E3006F9AF7,
				552762440683C5E3006F9AF7,
				552762460683C5E3006F9AF7,
				552762470683C5E3006F9AF7,
				552762480683C5E4006F9AF7,
				552762490683C5E4006F9AF7,
				556E5D8706C3411C005CA3AF,
				556E5D8906C3411C005CA3AF,
				556E5D8B06C3411C005CA3AF,
				556E5D8D06C3411C005CA3AF,
				556E5D8E06C3411C005CA3AF,
				556E5D9006C3411C005CA3AF,
				556E5D9206C3411C005CA3AF,
				556E5D9406C3411C005CA3AF,
				55A2F2F206CD86C3005813D4,
				55A2F2F306CD86C3005813D4,
				5549BE1D06D84CF200042D6A,
				5549BEB206D864E900042D6A,
				559D59BD081ED402003DA7A6,
				5558DACD082047EF001BFED9,
				5558DACF082047F0001BFED9,
				5558DAD1082047F1001BFED9,
				5558DAD3082047F2001BFED9,
				550A308608209BC100AE7041,
				550A31090820A11500AE7041,
				558C578E0829F73F00A1E433,
			);
			isa = PBXHeadersBuildPhase;
			runOnlyForDeploymentPostprocessing = 0;
		};
		55395DB5059E88580042782B = {
			fileRef = F5532CF6041490B601A800BD;
			isa = PBXBuildFile;
			settings = {
			};
		};
		55395DB6059E88580042782B = {
			fileRef = F5532CF8041490B601A800BD;
			isa = PBXBuildFile;
			settings = {
			};
		};
		55395DB7059E88580042782B = {
			fileRef = F5532CFC041490B601A800BD;
			isa = PBXBuildFile;
			settings = {
			};
		};
		55395DB8059E88580042782B = {
			fileRef = F5532CFE041490B601A800BD;
			isa = PBXBuildFile;
			settings = {
			};
		};
		55395DB9059E88580042782B = {
			fileRef = F5532D00041490B601A800BD;
			isa = PBXBuildFile;
			settings = {
			};
		};
		55395DBA059E88580042782B = {
			fileRef = F5532D03041490B601A800BD;
			isa = PBXBuildFile;
			settings = {
			};
		};
		55395DBD059E88580042782B = {
			fileRef = F5532D1D041490B601A800BD;
			isa = PBXBuildFile;
			settings = {
			};
		};
		55395DBE059E88580042782B = {
			fileRef = F5532D1F041490B601A800BD;
			isa = PBXBuildFile;
			settings = {
			};
		};
		55395DBF059E88580042782B = {
			fileRef = F5532D25041490B601A800BD;
			isa = PBXBuildFile;
			settings = {
			};
		};
		55395DC0059E88580042782B = {
			fileRef = F5532D27041490B601A800BD;
			isa = PBXBuildFile;
			settings = {
			};
		};
		55395DC1059E88580042782B = {
			fileRef = F5532D2B041490B601A800BD;
			isa = PBXBuildFile;
			settings = {
			};
		};
		55395DC2059E88580042782B = {
			fileRef = F5532D2D041490B601A800BD;
			isa = PBXBuildFile;
			settings = {
			};
		};
		55395DC3059E88580042782B = {
			fileRef = F5532D2F041490B601A800BD;
			isa = PBXBuildFile;
			settings = {
			};
		};
		55395DC4059E88580042782B = {
			fileRef = F5532D32041490B601A800BD;
			isa = PBXBuildFile;
			settings = {
			};
		};
		55395DC5059E88580042782B = {
			fileRef = F5532D34041490B601A800BD;
			isa = PBXBuildFile;
			settings = {
			};
		};
		55395DC6059E88580042782B = {
			fileRef = F5532D3B041490B601A800BD;
			isa = PBXBuildFile;
			settings = {
			};
		};
		55395DC7059E88580042782B = {
			fileRef = F5532D3D041490B601A800BD;
			isa = PBXBuildFile;
			settings = {
			};
		};
		55395DC8059E88580042782B = {
			fileRef = F5532D3F041490B601A800BD;
			isa = PBXBuildFile;
			settings = {
			};
		};
		55395DC9059E88580042782B = {
			fileRef = F5532D41041490B601A800BD;
			isa = PBXBuildFile;
			settings = {
			};
		};
		55395DCA059E88580042782B = {
			fileRef = F5532D43041490B601A800BD;
			isa = PBXBuildFile;
			settings = {
			};
		};
		55395DCB059E88580042782B = {
			fileRef = F5532D44041490B601A800BD;
			isa = PBXBuildFile;
			settings = {
			};
		};
		55395DCC059E88580042782B = {
			fileRef = F5532D48041490B601A800BD;
			isa = PBXBuildFile;
			settings = {
			};
		};
		55395DCD059E88580042782B = {
			fileRef = F5532D4B041490B601A800BD;
			isa = PBXBuildFile;
			settings = {
			};
		};
		55395DCE059E88580042782B = {
			fileRef = F5532D4D041490B601A800BD;
			isa = PBXBuildFile;
			settings = {
			};
		};
		55395DCF059E88580042782B = {
			fileRef = F5532D4F041490B601A800BD;
			isa = PBXBuildFile;
			settings = {
			};
		};
		55395DD0059E88580042782B = {
			fileRef = F5532D51041490B601A800BD;
			isa = PBXBuildFile;
			settings = {
			};
		};
		55395DD1059E88580042782B = {
			fileRef = F5532D53041490B601A800BD;
			isa = PBXBuildFile;
			settings = {
			};
		};
		55395DD2059E88580042782B = {
			fileRef = F5532D56041490B601A800BD;
			isa = PBXBuildFile;
			settings = {
			};
		};
		55395DD3059E88580042782B = {
			fileRef = F5532D58041490B601A800BD;
			isa = PBXBuildFile;
			settings = {
			};
		};
		55395DD4059E88580042782B = {
			fileRef = F5532D5C041490B601A800BD;
			isa = PBXBuildFile;
			settings = {
			};
		};
		55395DD5059E88580042782B = {
			fileRef = F5532D5E041490B601A800BD;
			isa = PBXBuildFile;
			settings = {
			};
		};
		55395DD6059E88580042782B = {
			fileRef = F5532D61041490B601A800BD;
			isa = PBXBuildFile;
			settings = {
			};
		};
		55395DD7059E88580042782B = {
			fileRef = F5532D63041490B601A800BD;
			isa = PBXBuildFile;
			settings = {
			};
		};
		55395DD8059E88580042782B = {
			fileRef = F5532D65041490B601A800BD;
			isa = PBXBuildFile;
			settings = {
			};
		};
		55395DD9059E88580042782B = {
			fileRef = F5532D69041490B601A800BD;
			isa = PBXBuildFile;
			settings = {
			};
		};
		55395DDA059E88580042782B = {
			fileRef = F5532D6D041490B601A800BD;
			isa = PBXBuildFile;
			settings = {
			};
		};
		55395DDB059E88580042782B = {
			fileRef = F5532D70041490B601A800BD;
			isa = PBXBuildFile;
			settings = {
			};
		};
		55395DDC059E88580042782B = {
			fileRef = F5532D72041490B601A800BD;
			isa = PBXBuildFile;
			settings = {
			};
		};
		55395DDD059E88580042782B = {
			fileRef = F5532D74041490B601A800BD;
			isa = PBXBuildFile;
			settings = {
			};
		};
		55395DDE059E88580042782B = {
			fileRef = F5532D78041490B601A800BD;
			isa = PBXBuildFile;
			settings = {
			};
		};
		55395DDF059E88580042782B = {
			fileRef = F5532D7A041490B601A800BD;
			isa = PBXBuildFile;
			settings = {
			};
		};
		55395DE0059E88580042782B = {
			fileRef = F5532D7C041490B601A800BD;
			isa = PBXBuildFile;
			settings = {
			};
		};
		55395DE1059E88580042782B = {
			fileRef = F5532D7E041490B601A800BD;
			isa = PBXBuildFile;
			settings = {
			};
		};
		55395DE2059E88580042782B = {
			fileRef = F5532D80041490B601A800BD;
			isa = PBXBuildFile;
			settings = {
			};
		};
		55395DE3059E88580042782B = {
			fileRef = F5532D82041490B601A800BD;
			isa = PBXBuildFile;
			settings = {
			};
		};
		55395DE4059E88580042782B = {
			fileRef = F5532D85041490B601A800BD;
			isa = PBXBuildFile;
			settings = {
			};
		};
		55395DE5059E88580042782B = {
			fileRef = F5532D87041490B601A800BD;
			isa = PBXBuildFile;
			settings = {
			};
		};
		55395DE6059E88580042782B = {
			fileRef = F5532D89041490B601A800BD;
			isa = PBXBuildFile;
			settings = {
			};
		};
		55395DE7059E88580042782B = {
			fileRef = F5532D8C041490B601A800BD;
			isa = PBXBuildFile;
			settings = {
			};
		};
		55395DE8059E88580042782B = {
			fileRef = F5532D8E041490B601A800BD;
			isa = PBXBuildFile;
			settings = {
			};
		};
		55395DE9059E88580042782B = {
			fileRef = F5532D90041490B601A800BD;
			isa = PBXBuildFile;
			settings = {
			};
		};
		55395DEA059E88580042782B = {
			fileRef = F57685240419E57D01A800BD;
			isa = PBXBuildFile;
			settings = {
			};
		};
		55395DEB059E88580042782B = {
			fileRef = F5532D76041490B601A800BD;
			isa = PBXBuildFile;
			settings = {
			};
		};
		55395DEC059E88580042782B = {
			fileRef = F5532CFA041490B601A800BD;
			isa = PBXBuildFile;
			settings = {
			};
		};
		55395DEE059E88580042782B = {
			fileRef = F5158C91042E521001410DE9;
			isa = PBXBuildFile;
			settings = {
			};
		};
		55395DEF059E88580042782B = {
			fileRef = F5532CF5041490B601A800BD;
			isa = PBXBuildFile;
			settings = {
			};
		};
		55395DF0059E88580042782B = {
			fileRef = F5158C98042E6CB901410DE9;
			isa = PBXBuildFile;
			settings = {
			};
		};
		55395DF1059E88580042782B = {
			fileRef = F5BEC66D047BF7C001A800AB;
			isa = PBXBuildFile;
			settings = {
			};
		};
		55395E0C059E88580042782B = {
			fileRef = 55040B44057F172C001A8909;
			isa = PBXBuildFile;
			settings = {
			};
		};
		55395E14059E88580042782B = {
			buildActionMask = 2147483647;
			files = (
				55395E15059E88580042782B,
				55395E16059E88580042782B,
				55395E17059E88580042782B,
				55395E19059E88580042782B,
			);
			isa = PBXResourcesBuildPhase;
			runOnlyForDeploymentPostprocessing = 0;
		};
		55395E15059E88580042782B = {
			fileRef = 29B97318FDCFA39411CA2CEA;
			isa = PBXBuildFile;
			settings = {
			};
		};
		55395E16059E88580042782B = {
			fileRef = 089C165CFE840E0CC02AAC07;
			isa = PBXBuildFile;
			settings = {
			};
		};
		55395E17059E88580042782B = {
			fileRef = F5B58826041C1A0201A800BD;
			isa = PBXBuildFile;
			settings = {
			};
		};
		55395E19059E88580042782B = {
			fileRef = 55ED4629057DCB8700775E5C;
			isa = PBXBuildFile;
			settings = {
			};
		};
		55395E1A059E88580042782B = {
			buildActionMask = 2147483647;
			files = (
				55395E1B059E88580042782B,
				55395E1C059E88580042782B,
				55395E1D059E88580042782B,
				55395E1E059E88580042782B,
				55395E1F059E88580042782B,
				55395E20059E88580042782B,
				55395E21059E88580042782B,
				55395E22059E88580042782B,
				55395E23059E88580042782B,
				55395E24059E88580042782B,
				55395E25059E88580042782B,
				55395E26059E88580042782B,
				55395E27059E88580042782B,
				55395E28059E88580042782B,
				55395E29059E88580042782B,
				55395E2A059E88580042782B,
				55395E2B059E88580042782B,
				55395E2C059E88580042782B,
				55395E2D059E88580042782B,
				55395E2E059E88580042782B,
				55395E2F059E88580042782B,
				55395E30059E88580042782B,
				55395E31059E88580042782B,
				55395E32059E88580042782B,
				55395E33059E88580042782B,
				55395E34059E88580042782B,
				55395E35059E88580042782B,
				55395E36059E88580042782B,
				55395E37059E88580042782B,
				55395E38059E88580042782B,
				55395E39059E88580042782B,
				55395E3A059E88580042782B,
				55395E3B059E88580042782B,
				55395E3C059E88580042782B,
				55395E3D059E88580042782B,
				55395E3E059E88580042782B,
				55395E3F059E88580042782B,
				55395E40059E88580042782B,
				55395E41059E88580042782B,
				55395E42059E88580042782B,
				55395E43059E88580042782B,
				55395E44059E88580042782B,
				55395E45059E88580042782B,
				55395E46059E88580042782B,
				55395E47059E88580042782B,
				55395E48059E88580042782B,
				55395E49059E88580042782B,
				55395E4A059E88580042782B,
				55395E4B059E88580042782B,
				55395E4C059E88580042782B,
				55395E4D059E88580042782B,
				55395E4E059E88580042782B,
				55395E4F059E88580042782B,
				55395E50059E88580042782B,
				55395E51059E88580042782B,
				55395E5C059E88580042782B,
				55395E67059E88580042782B,
				552762310683C5E3006F9AF7,
				552762340683C5E3006F9AF7,
				552762380683C5E3006F9AF7,
				5527623A0683C5E3006F9AF7,
				5527623D0683C5E3006F9AF7,
				552762400683C5E3006F9AF7,
				552762450683C5E3006F9AF7,
				55DDC6E1068AA79A0069B050,
				556E5D8806C3411C005CA3AF,
				556E5D8A06C3411C005CA3AF,
				556E5D8C06C3411C005CA3AF,
				556E5D8F06C3411C005CA3AF,
				556E5D9106C3411C005CA3AF,
				556E5D9306C3411C005CA3AF,
				556E5D9506C3411C005CA3AF,
				55A2F35106CD96A7005813D4,
				55F31ACA06D5CEDC00271D86,
				5549BE0C06D84CE700042D6A,
				55FACCBE06D9322C00B7BE9D,
				559D59BC081ED402003DA7A6,
				559D5BB8081F03AB003DA7A6,
				5558DACE082047EF001BFED9,
				5558DAD0082047F0001BFED9,
				5558DAD2082047F1001BFED9,
				5558DAD408204800001BFED9,
				550A307F08209BA000AE7041,
				558CCBA9082881AA00FDA749,
			);
			isa = PBXSourcesBuildPhase;
			runOnlyForDeploymentPostprocessing = 0;
		};
		55395E1B059E88580042782B = {
			fileRef = F5532CF7041490B601A800BD;
			isa = PBXBuildFile;
			settings = {
			};
		};
		55395E1C059E88580042782B = {
			fileRef = F5532CFB041490B601A800BD;
			isa = PBXBuildFile;
			settings = {
			};
		};
		55395E1D059E88580042782B = {
			fileRef = F5532CFD041490B601A800BD;
			isa = PBXBuildFile;
			settings = {
			};
		};
		55395E1E059E88580042782B = {
			fileRef = F5532CFF041490B601A800BD;
			isa = PBXBuildFile;
			settings = {
			};
		};
		55395E1F059E88580042782B = {
			fileRef = F5532D02041490B601A800BD;
			isa = PBXBuildFile;
			settings = {
			};
		};
		55395E20059E88580042782B = {
			fileRef = F5532D1C041490B601A800BD;
			isa = PBXBuildFile;
			settings = {
			};
		};
		55395E21059E88580042782B = {
			fileRef = F5532D1E041490B601A800BD;
			isa = PBXBuildFile;
			settings = {
			};
		};
		55395E22059E88580042782B = {
			fileRef = F5532D21041490B601A800BD;
			isa = PBXBuildFile;
			settings = {
			};
		};
		55395E23059E88580042782B = {
			fileRef = F5532D26041490B601A800BD;
			isa = PBXBuildFile;
			settings = {
			};
		};
		55395E24059E88580042782B = {
			fileRef = F5532D2A041490B601A800BD;
			isa = PBXBuildFile;
			settings = {
			};
		};
		55395E25059E88580042782B = {
			fileRef = F5532D2C041490B601A800BD;
			isa = PBXBuildFile;
			settings = {
			};
		};
		55395E26059E88580042782B = {
			fileRef = F5532D2E041490B601A800BD;
			isa = PBXBuildFile;
			settings = {
			};
		};
		55395E27059E88580042782B = {
			fileRef = F5532D31041490B601A800BD;
			isa = PBXBuildFile;
			settings = {
			};
		};
		55395E28059E88580042782B = {
			fileRef = F5532D33041490B601A800BD;
			isa = PBXBuildFile;
			settings = {
			};
		};
		55395E29059E88580042782B = {
			fileRef = F5532D35041490B601A800BD;
			isa = PBXBuildFile;
			settings = {
			};
		};
		55395E2A059E88580042782B = {
			fileRef = F5532D36041490B601A800BD;
			isa = PBXBuildFile;
			settings = {
			};
		};
		55395E2B059E88580042782B = {
			fileRef = F5532D37041490B601A800BD;
			isa = PBXBuildFile;
			settings = {
			};
		};
		55395E2C059E88580042782B = {
			fileRef = F5532D3A041490B601A800BD;
			isa = PBXBuildFile;
			settings = {
			};
		};
		55395E2D059E88580042782B = {
			fileRef = F5532D3C041490B601A800BD;
			isa = PBXBuildFile;
			settings = {
			};
		};
		55395E2E059E88580042782B = {
			fileRef = F5532D3E041490B601A800BD;
			isa = PBXBuildFile;
			settings = {
			};
		};
		55395E2F059E88580042782B = {
			fileRef = F5532D40041490B601A800BD;
			isa = PBXBuildFile;
			settings = {
			};
		};
		55395E30059E88580042782B = {
			fileRef = F5532D42041490B601A800BD;
			isa = PBXBuildFile;
			settings = {
			};
		};
		55395E31059E88580042782B = {
			fileRef = F5532D45041490B601A800BD;
			isa = PBXBuildFile;
			settings = {
			};
		};
		55395E32059E88580042782B = {
			fileRef = F5532D4A041490B601A800BD;
			isa = PBXBuildFile;
			settings = {
			};
		};
		55395E33059E88580042782B = {
			fileRef = F5532D4C041490B601A800BD;
			isa = PBXBuildFile;
			settings = {
			};
		};
		55395E34059E88580042782B = {
			fileRef = F5532D4E041490B601A800BD;
			isa = PBXBuildFile;
			settings = {
			};
		};
		55395E35059E88580042782B = {
			fileRef = F5532D50041490B601A800BD;
			isa = PBXBuildFile;
			settings = {
			};
		};
		55395E36059E88580042782B = {
			fileRef = F5532D52041490B601A800BD;
			isa = PBXBuildFile;
			settings = {
			};
		};
		55395E37059E88580042782B = {
			fileRef = F5532D55041490B601A800BD;
			isa = PBXBuildFile;
			settings = {
			};
		};
		55395E38059E88580042782B = {
			fileRef = F5532D57041490B601A800BD;
			isa = PBXBuildFile;
			settings = {
			};
		};
		55395E39059E88580042782B = {
			fileRef = F5532D5B041490B601A800BD;
			isa = PBXBuildFile;
			settings = {
			};
		};
		55395E3A059E88580042782B = {
			fileRef = F5532D5D041490B601A800BD;
			isa = PBXBuildFile;
			settings = {
			};
		};
		55395E3B059E88580042782B = {
			fileRef = F5532D60041490B601A800BD;
			isa = PBXBuildFile;
			settings = {
			};
		};
		55395E3C059E88580042782B = {
			fileRef = F5532D62041490B601A800BD;
			isa = PBXBuildFile;
			settings = {
			};
		};
		55395E3D059E88580042782B = {
			fileRef = F5532D68041490B601A800BD;
			isa = PBXBuildFile;
			settings = {
			};
		};
		55395E3E059E88580042782B = {
			fileRef = F5532D6C041490B601A800BD;
			isa = PBXBuildFile;
			settings = {
			};
		};
		55395E3F059E88580042782B = {
			fileRef = F5532D6F041490B601A800BD;
			isa = PBXBuildFile;
			settings = {
			};
		};
		55395E40059E88580042782B = {
			fileRef = F5532D71041490B601A800BD;
			isa = PBXBuildFile;
			settings = {
			};
		};
		55395E41059E88580042782B = {
			fileRef = F5532D73041490B601A800BD;
			isa = PBXBuildFile;
			settings = {
			};
		};
		55395E42059E88580042782B = {
			fileRef = F5532D77041490B601A800BD;
			isa = PBXBuildFile;
			settings = {
			};
		};
		55395E43059E88580042782B = {
			fileRef = F5532D79041490B601A800BD;
			isa = PBXBuildFile;
			settings = {
			};
		};
		55395E44059E88580042782B = {
			fileRef = F5532D7B041490B601A800BD;
			isa = PBXBuildFile;
			settings = {
			};
		};
		55395E45059E88580042782B = {
			fileRef = F5532D7D041490B601A800BD;
			isa = PBXBuildFile;
			settings = {
			};
		};
		55395E46059E88580042782B = {
			fileRef = F5532D7F041490B601A800BD;
			isa = PBXBuildFile;
			settings = {
			};
		};
		55395E47059E88580042782B = {
			fileRef = F5532D81041490B601A800BD;
			isa = PBXBuildFile;
			settings = {
			};
		};
		55395E48059E88580042782B = {
			fileRef = F5532D84041490B601A800BD;
			isa = PBXBuildFile;
			settings = {
			};
		};
		55395E49059E88580042782B = {
			fileRef = F5532D86041490B601A800BD;
			isa = PBXBuildFile;
			settings = {
			};
		};
		55395E4A059E88580042782B = {
			fileRef = F5532D88041490B601A800BD;
			isa = PBXBuildFile;
			settings = {
			};
		};
		55395E4B059E88580042782B = {
			fileRef = F5532D8B041490B601A800BD;
			isa = PBXBuildFile;
			settings = {
			};
		};
		55395E4C059E88580042782B = {
			fileRef = F5532D8D041490B601A800BD;
			isa = PBXBuildFile;
			settings = {
			};
		};
		55395E4D059E88580042782B = {
			fileRef = F5532D8F041490B601A800BD;
			isa = PBXBuildFile;
			settings = {
			};
		};
		55395E4E059E88580042782B = {
			fileRef = F5532D75041490B601A800BD;
			isa = PBXBuildFile;
			settings = {
			};
		};
		55395E4F059E88580042782B = {
			fileRef = F5532CF9041490B601A800BD;
			isa = PBXBuildFile;
			settings = {
			};
		};
		55395E50059E88580042782B = {
			fileRef = F5158C93042E521A01410DE9;
			isa = PBXBuildFile;
			settings = {
			};
		};
		55395E51059E88580042782B = {
			fileRef = F5158C96042E6CB101410DE9;
			isa = PBXBuildFile;
			settings = {
			};
		};
		55395E5C059E88580042782B = {
			fileRef = F55CD14704805E1E01A800BD;
			isa = PBXBuildFile;
			settings = {
			};
		};
		55395E67059E88580042782B = {
			fileRef = 55ED4624057DCB7400775E5C;
			isa = PBXBuildFile;
			settings = {
			};
		};
		55395E70059E88580042782B = {
			buildActionMask = 2147483647;
			files = (
				55395E71059E88580042782B,
				55395E72059E88580042782B,
			);
			isa = PBXFrameworksBuildPhase;
			runOnlyForDeploymentPostprocessing = 0;
		};
		55395E71059E88580042782B = {
			fileRef = 1058C7A1FEA54F0111CA2CBB;
			isa = PBXBuildFile;
			settings = {
			};
		};
		55395E72059E88580042782B = {
			fileRef = F5B89879047EFD6601A800AB;
			isa = PBXBuildFile;
			settings = {
			};
		};
		55395E73059E88580042782B = {
			buildActionMask = 2147483647;
			dstPath = "";
			dstSubfolderSpec = 10;
			files = (
			);
			isa = PBXCopyFilesBuildPhase;
			runOnlyForDeploymentPostprocessing = 0;
		};
		5549BE0B06D84CE700042D6A = {
			fileEncoding = 4;
			isa = PBXFileReference;
			lastKnownFileType = sourcecode.c.c;
			path = class.c;
			refType = 4;
			sourceTree = "<group>";
		};
		5549BE0C06D84CE700042D6A = {
			fileRef = 5549BE0B06D84CE700042D6A;
			isa = PBXBuildFile;
			settings = {
			};
		};
		5549BE1C06D84CF200042D6A = {
			fileEncoding = 4;
			isa = PBXFileReference;
			lastKnownFileType = sourcecode.c.h;
			path = class.h;
			refType = 4;
			sourceTree = "<group>";
		};
		5549BE1D06D84CF200042D6A = {
			fileRef = 5549BE1C06D84CF200042D6A;
			isa = PBXBuildFile;
			settings = {
			};
		};
		5549BEB106D864E900042D6A = {
			fileEncoding = 4;
			isa = PBXFileReference;
			lastKnownFileType = sourcecode.c.h;
			path = function_class.h;
			refType = 4;
			sourceTree = "<group>";
		};
		5549BEB206D864E900042D6A = {
			fileRef = 5549BEB106D864E900042D6A;
			isa = PBXBuildFile;
			settings = {
			};
		};
		5549C10A06D8787200042D6A = {
			fileEncoding = 30;
			isa = PBXFileReference;
			lastKnownFileType = sourcecode.c.c;
			name = exttest.c;
			path = /Users/dave/Desktop/code/flirt/exttest.c;
			refType = 0;
			sourceTree = "<absolute>";
		};
		5549C10B06D8787200042D6A = {
			fileEncoding = 30;
			isa = PBXFileReference;
			lastKnownFileType = sourcecode.c.c;
			name = test.c;
			path = /Users/dave/Desktop/code/flirt/test.c;
			refType = 0;
			sourceTree = "<absolute>";
		};
		554CB6CE059FFEAA007406FA = {
			fileEncoding = 4;
			isa = PBXFileReference;
			lastKnownFileType = sourcecode.c.h;
			name = BreakpointTableView.h;
			path = src/BreakpointTableView.h;
			refType = 4;
			sourceTree = "<group>";
		};
		554CB6CF059FFEAA007406FA = {
			fileEncoding = 4;
			isa = PBXFileReference;
			lastKnownFileType = sourcecode.c.objc;
			name = BreakpointTableView.m;
			path = src/BreakpointTableView.m;
			refType = 4;
			sourceTree = "<group>";
		};
		5558DAC7082047AF001BFED9 = {
			buildActionMask = 2147483647;
			files = (
				5558DAD70820481D001BFED9,
				5558DAD808204820001BFED9,
				5558DC70082048FB001BFED9,
				5558DC71082048FB001BFED9,
				5558DC72082048FC001BFED9,
				5558DC73082048FD001BFED9,
				5558DC74082048FF001BFED9,
				5558DC7508204900001BFED9,
				5558DC7608204900001BFED9,
				5558DC7708204901001BFED9,
				5558DC7808204902001BFED9,
				5558DC7908204906001BFED9,
				5558DC7A0820490E001BFED9,
				5558DC7B0820490E001BFED9,
				5558DC7C0820490E001BFED9,
				5558DC7D0820490F001BFED9,
				5558DC7E0820490F001BFED9,
				5558DC7F0820490F001BFED9,
				5558DC8108204910001BFED9,
				5558DC8208204912001BFED9,
				5558DC8308204914001BFED9,
				5558DC8408204914001BFED9,
				5558DC8608204916001BFED9,
				5558DC8708204916001BFED9,
				5558DC8808204917001BFED9,
				5558DC8908204917001BFED9,
				5558DC8A08204918001BFED9,
				5558DC8B0820491A001BFED9,
				5558DC8C0820491B001BFED9,
				5558DC8E0820491D001BFED9,
				5558DC8F0820491D001BFED9,
				5558DC910820491F001BFED9,
				5558DC920820491F001BFED9,
				5558DC9308204920001BFED9,
				5558DC9608204923001BFED9,
				5558DC9708204923001BFED9,
				5558DC9808204924001BFED9,
				5558DC9908204925001BFED9,
				5558DC9A08204925001BFED9,
				5558DC9B08204926001BFED9,
				5558DC9C08204926001BFED9,
				5558DC9D08204928001BFED9,
				5558DC9E0820492B001BFED9,
				5558DC9F0820492B001BFED9,
				5558DCA00820492D001BFED9,
				5558DCA10820492D001BFED9,
				5558DCA30820492F001BFED9,
				5558DCA408204931001BFED9,
				5558DCA508204932001BFED9,
				5558DCA608204933001BFED9,
				5558DCA708204933001BFED9,
				5558DCA808204934001BFED9,
				5558DCA908204934001BFED9,
				5558DCAA08204934001BFED9,
				5558DCAB08204935001BFED9,
				5558DCAC08204936001BFED9,
				5558DCAD08204938001BFED9,
				5558DCAE08204938001BFED9,
				5558DCB00820493A001BFED9,
				5558DCB10820493A001BFED9,
				5558DCB20820493B001BFED9,
				5558DCB30820493B001BFED9,
				5558DCB40820493C001BFED9,
				5558DCB50820493E001BFED9,
				5558DCB60820493F001BFED9,
				5558DCB808204941001BFED9,
				5558DCBA08204944001BFED9,
				5558DCBB08204945001BFED9,
				5558DCBC08204945001BFED9,
				5558DCBD08204947001BFED9,
				5558DCBF08204948001BFED9,
				550A308008209BA900AE7041,
				558C578F0829F88E00A1E433,
			);
			isa = PBXSourcesBuildPhase;
			runOnlyForDeploymentPostprocessing = 0;
		};
		5558DAC8082047AF001BFED9 = {
			buildActionMask = 2147483647;
			files = (
			);
			isa = PBXFrameworksBuildPhase;
			runOnlyForDeploymentPostprocessing = 0;
		};
		5558DAC9082047AF001BFED9 = {
			buildPhases = (
				5558DAC7082047AF001BFED9,
				5558DAC8082047AF001BFED9,
			);
			buildRules = (
			);
			buildSettings = {
				GCC_PRECOMPILE_PREFIX_HEADER = NO;
				GCC_PREFIX_HEADER = "";
				INSTALL_PATH = /usr/local/bin;
				OTHER_CFLAGS = "";
				OTHER_LDFLAGS = "-ljpeg -lz -lpng -lmad -lSDL -lSDLmain -framework Carbon -framework Cocoa";
				OTHER_REZFLAGS = "";
				PRODUCT_NAME = "SDL test";
				SECTORDER_FLAGS = "";
				WARNING_CFLAGS = "-Wmost -Wno-four-char-constants -Wno-unknown-pragmas";
			};
			dependencies = (
			);
			isa = PBXNativeTarget;
			name = "SDL test";
			productName = "SDL test";
			productReference = 5558DACA082047AF001BFED9;
			productType = "com.apple.product-type.tool";
		};
		5558DACA082047AF001BFED9 = {
			explicitFileType = "compiled.mach-o.executable";
			includeInIndex = 0;
			isa = PBXFileReference;
			path = "SDL test";
			refType = 3;
			sourceTree = BUILT_PRODUCTS_DIR;
		};
		5558DACD082047EF001BFED9 = {
			fileRef = 55ED4623057DCB7400775E5C;
			isa = PBXBuildFile;
			settings = {
			};
		};
		5558DACE082047EF001BFED9 = {
			fileRef = 55ED4614057DC5A000775E5C;
			isa = PBXBuildFile;
			settings = {
			};
		};
		5558DACF082047F0001BFED9 = {
			fileRef = 55ED4613057DC5A000775E5C;
			isa = PBXBuildFile;
			settings = {
			};
		};
		5558DAD0082047F0001BFED9 = {
			fileRef = 554CB6CF059FFEAA007406FA;
			isa = PBXBuildFile;
			settings = {
			};
		};
		5558DAD1082047F1001BFED9 = {
			fileRef = 554CB6CE059FFEAA007406FA;
			isa = PBXBuildFile;
			settings = {
			};
		};
		5558DAD2082047F1001BFED9 = {
			fileRef = 55ED4620057DCB6C00775E5C;
			isa = PBXBuildFile;
			settings = {
			};
		};
		5558DAD3082047F2001BFED9 = {
			fileRef = 55ED461F057DCB6C00775E5C;
			isa = PBXBuildFile;
			settings = {
			};
		};
		5558DAD408204800001BFED9 = {
			fileRef = 55ED4638057DCF1D00775E5C;
			isa = PBXBuildFile;
			settings = {
			};
		};
		5558DAD70820481D001BFED9 = {
			fileRef = 55FACCBD06D9322C00B7BE9D;
			isa = PBXBuildFile;
			settings = {
			};
		};
		5558DAD808204820001BFED9 = {
			fileRef = 550D5926081DBD8A0019593D;
			isa = PBXBuildFile;
			settings = {
			};
		};
		5558DC70082048FB001BFED9 = {
			fileRef = 55A2F35006CD96A7005813D4;
			isa = PBXBuildFile;
			settings = {
			};
		};
		5558DC71082048FB001BFED9 = {
			fileRef = F5532D5D041490B601A800BD;
			isa = PBXBuildFile;
			settings = {
			};
		};
		5558DC72082048FC001BFED9 = {
			fileRef = F5532D8F041490B601A800BD;
			isa = PBXBuildFile;
			settings = {
			};
		};
		5558DC73082048FD001BFED9 = {
			fileRef = F5532D50041490B601A800BD;
			isa = PBXBuildFile;
			settings = {
			};
		};
		5558DC74082048FF001BFED9 = {
			fileRef = F5532D42041490B601A800BD;
			isa = PBXBuildFile;
			settings = {
			};
		};
		5558DC7508204900001BFED9 = {
			fileRef = F55CD14704805E1E01A800BD;
			isa = PBXBuildFile;
			settings = {
			};
		};
		5558DC7608204900001BFED9 = {
			fileRef = F5532D02041490B601A800BD;
			isa = PBXBuildFile;
			settings = {
			};
		};
		5558DC7708204901001BFED9 = {
			fileRef = F5532D7D041490B601A800BD;
			isa = PBXBuildFile;
			settings = {
			};
		};
		5558DC7808204902001BFED9 = {
			fileRef = F5158C96042E6CB101410DE9;
			isa = PBXBuildFile;
			settings = {
			};
		};
		5558DC7908204906001BFED9 = {
			fileRef = F5532D86041490B601A800BD;
			isa = PBXBuildFile;
			settings = {
			};
		};
		5558DC7A0820490E001BFED9 = {
			fileRef = F5532D37041490B601A800BD;
			isa = PBXBuildFile;
			settings = {
			};
		};
		5558DC7B0820490E001BFED9 = {
			fileRef = F5532D73041490B601A800BD;
			isa = PBXBuildFile;
			settings = {
			};
		};
		5558DC7C0820490E001BFED9 = {
			fileRef = F5532CFF041490B601A800BD;
			isa = PBXBuildFile;
			settings = {
			};
		};
		5558DC7D0820490F001BFED9 = {
			fileRef = F5532D8D041490B601A800BD;
			isa = PBXBuildFile;
			settings = {
			};
		};
		5558DC7E0820490F001BFED9 = {
			fileRef = F5532D71041490B601A800BD;
			isa = PBXBuildFile;
			settings = {
			};
		};
		5558DC7F0820490F001BFED9 = {
			fileRef = F5532D3A041490B601A800BD;
			isa = PBXBuildFile;
			settings = {
			};
		};
		5558DC8108204910001BFED9 = {
			fileRef = F5532D7B041490B601A800BD;
			isa = PBXBuildFile;
			settings = {
			};
		};
		5558DC8208204912001BFED9 = {
			fileRef = 552762170683C5E3006F9AF7;
			isa = PBXBuildFile;
			settings = {
			};
		};
		5558DC8308204914001BFED9 = {
			fileRef = F5532D1E041490B601A800BD;
			isa = PBXBuildFile;
			settings = {
			};
		};
		5558DC8408204914001BFED9 = {
			fileRef = F5532D60041490B601A800BD;
			isa = PBXBuildFile;
			settings = {
			};
		};
		5558DC8608204916001BFED9 = {
			fileRef = F5532D6F041490B601A800BD;
			isa = PBXBuildFile;
			settings = {
			};
		};
		5558DC8708204916001BFED9 = {
			fileRef = F5532D88041490B601A800BD;
			isa = PBXBuildFile;
			settings = {
			};
		};
		5558DC8808204917001BFED9 = {
			fileRef = F5532D21041490B601A800BD;
			isa = PBXBuildFile;
			settings = {
			};
		};
		5558DC8908204917001BFED9 = {
			fileRef = F5532D33041490B601A800BD;
			isa = PBXBuildFile;
			settings = {
			};
		};
		5558DC8A08204918001BFED9 = {
			fileRef = F5532D36041490B601A800BD;
			isa = PBXBuildFile;
			settings = {
			};
		};
		5558DC8B0820491A001BFED9 = {
			fileRef = F5532D52041490B601A800BD;
			isa = PBXBuildFile;
			settings = {
			};
		};
		5558DC8C0820491B001BFED9 = {
			fileRef = 5527621E0683C5E3006F9AF7;
			isa = PBXBuildFile;
			settings = {
			};
		};
		5558DC8E0820491D001BFED9 = {
			fileRef = F5532D77041490B601A800BD;
			isa = PBXBuildFile;
			settings = {
			};
		};
		5558DC8F0820491D001BFED9 = {
			fileRef = 5527622B0683C5E3006F9AF7;
			isa = PBXBuildFile;
			settings = {
			};
		};
		5558DC910820491F001BFED9 = {
			fileRef = F5532D79041490B601A800BD;
			isa = PBXBuildFile;
			settings = {
			};
		};
		5558DC920820491F001BFED9 = {
			fileRef = F5532CFB041490B601A800BD;
			isa = PBXBuildFile;
			settings = {
			};
		};
		5558DC9308204920001BFED9 = {
			fileRef = 552762230683C5E3006F9AF7;
			isa = PBXBuildFile;
			settings = {
			};
		};
		5558DC9608204923001BFED9 = {
			fileRef = F5532D7F041490B601A800BD;
			isa = PBXBuildFile;
			settings = {
			};
		};
		5558DC9708204923001BFED9 = {
			fileRef = F5532D75041490B601A800BD;
			isa = PBXBuildFile;
			settings = {
			};
		};
		5558DC9808204924001BFED9 = {
			fileRef = F5532D4A041490B601A800BD;
			isa = PBXBuildFile;
			settings = {
			};
		};
		5558DC9908204925001BFED9 = {
			fileRef = F5532D2A041490B601A800BD;
			isa = PBXBuildFile;
			settings = {
			};
		};
		5558DC9A08204925001BFED9 = {
			fileRef = 559D59BA081ED402003DA7A6;
			isa = PBXBuildFile;
			settings = {
			};
		};
		5558DC9B08204926001BFED9 = {
			fileRef = F5532D1C041490B601A800BD;
			isa = PBXBuildFile;
			settings = {
			};
		};
		5558DC9C08204926001BFED9 = {
			fileRef = F5532D4E041490B601A800BD;
			isa = PBXBuildFile;
			settings = {
			};
		};
		5558DC9D08204928001BFED9 = {
			fileRef = F5532CFD041490B601A800BD;
			isa = PBXBuildFile;
			settings = {
			};
		};
		5558DC9E0820492B001BFED9 = {
			fileRef = F5532CF9041490B601A800BD;
			isa = PBXBuildFile;
			settings = {
			};
		};
		5558DC9F0820492B001BFED9 = {
			fileRef = F5532D8B041490B601A800BD;
			isa = PBXBuildFile;
			settings = {
			};
		};
		5558DCA00820492D001BFED9 = {
			fileRef = F5532D62041490B601A800BD;
			isa = PBXBuildFile;
			settings = {
			};
		};
		5558DCA10820492D001BFED9 = {
			fileRef = F5532D6C041490B601A800BD;
			isa = PBXBuildFile;
			settings = {
			};
		};
		5558DCA30820492F001BFED9 = {
			fileRef = F5532D2C041490B601A800BD;
			isa = PBXBuildFile;
			settings = {
			};
		};
		5558DCA408204931001BFED9 = {
			fileRef = F5532D68041490B601A800BD;
			isa = PBXBuildFile;
			settings = {
			};
		};
		5558DCA508204932001BFED9 = {
			fileRef = F5532D2E041490B601A800BD;
			isa = PBXBuildFile;
			settings = {
			};
		};
		5558DCA608204933001BFED9 = {
			fileRef = F5532D55041490B601A800BD;
			isa = PBXBuildFile;
			settings = {
			};
		};
		5558DCA708204933001BFED9 = {
			fileRef = F5532D3E041490B601A800BD;
			isa = PBXBuildFile;
			settings = {
			};
		};
		5558DCA808204934001BFED9 = {
			fileRef = F5532D31041490B601A800BD;
			isa = PBXBuildFile;
			settings = {
			};
		};
		5558DCA908204934001BFED9 = {
			fileRef = F5532CF7041490B601A800BD;
			isa = PBXBuildFile;
			settings = {
			};
		};
		5558DCAA08204934001BFED9 = {
			fileRef = F5532D57041490B601A800BD;
			isa = PBXBuildFile;
			settings = {
			};
		};
		5558DCAB08204935001BFED9 = {
			fileRef = F5532D26041490B601A800BD;
			isa = PBXBuildFile;
			settings = {
			};
		};
		5558DCAC08204936001BFED9 = {
			fileRef = 552762200683C5E3006F9AF7;
			isa = PBXBuildFile;
			settings = {
			};
		};
		5558DCAD08204938001BFED9 = {
			fileRef = F5532D3C041490B601A800BD;
			isa = PBXBuildFile;
			settings = {
			};
		};
		5558DCAE08204938001BFED9 = {
			fileRef = F5532D40041490B601A800BD;
			isa = PBXBuildFile;
			settings = {
			};
		};
		5558DCB00820493A001BFED9 = {
			fileRef = F5532D45041490B601A800BD;
			isa = PBXBuildFile;
			settings = {
			};
		};
		5558DCB10820493A001BFED9 = {
			fileRef = 552762260683C5E3006F9AF7;
			isa = PBXBuildFile;
			settings = {
			};
		};
		5558DCB20820493B001BFED9 = {
			fileRef = 55F31AC906D5CEDC00271D86;
			isa = PBXBuildFile;
			settings = {
			};
		};
		5558DCB30820493B001BFED9 = {
			fileRef = F5532D5B041490B601A800BD;
			isa = PBXBuildFile;
			settings = {
			};
		};
		5558DCB40820493C001BFED9 = {
			fileRef = F5158C93042E521A01410DE9;
			isa = PBXBuildFile;
			settings = {
			};
		};
		5558DCB50820493E001BFED9 = {
			fileRef = F5532D35041490B601A800BD;
			isa = PBXBuildFile;
			settings = {
			};
		};
		5558DCB60820493F001BFED9 = {
			fileRef = 5549BE0B06D84CE700042D6A;
			isa = PBXBuildFile;
			settings = {
			};
		};
		5558DCB808204941001BFED9 = {
			fileRef = F5532D84041490B601A800BD;
			isa = PBXBuildFile;
			settings = {
			};
		};
		5558DCBA08204944001BFED9 = {
			fileRef = 55DDC6E0068AA79A0069B050;
			isa = PBXBuildFile;
			settings = {
			};
		};
		5558DCBB08204945001BFED9 = {
			fileRef = F5532D4C041490B601A800BD;
			isa = PBXBuildFile;
			settings = {
			};
		};
		5558DCBC08204945001BFED9 = {
			fileRef = F5BEC66B047BF7A901A800AB;
			isa = PBXBuildFile;
			settings = {
			};
		};
		5558DCBD08204947001BFED9 = {
			fileRef = 5527621A0683C5E3006F9AF7;
			isa = PBXBuildFile;
			settings = {
			};
		};
		5558DCBF08204948001BFED9 = {
			fileRef = F5532D81041490B601A800BD;
			isa = PBXBuildFile;
			settings = {
			};
		};
		555CBF9206C34D0B0041AF04 = {
			explicitFileType = wrapper.application;
			includeInIndex = 0;
			isa = PBXFileReference;
			path = "Flirt test.app";
			refType = 3;
			sourceTree = BUILT_PRODUCTS_DIR;
		};
		555CBF9306C34D0B0041AF04 = {
			children = (
				555CBF9206C34D0B0041AF04,
				5558DACA082047AF001BFED9,
			);
			isa = PBXGroup;
			name = Products;
			refType = 4;
			sourceTree = "<group>";
		};
		556E5D7706C3411C005CA3AF = {
			children = (
				556E5D7806C3411C005CA3AF,
				556E5D7906C3411C005CA3AF,
				556E5D7A06C3411C005CA3AF,
				556E5D7B06C3411C005CA3AF,
				556E5D7C06C3411C005CA3AF,
				556E5D7D06C3411C005CA3AF,
				556E5D7E06C3411C005CA3AF,
				556E5D7F06C3411C005CA3AF,
				556E5D8006C3411C005CA3AF,
				556E5D8106C3411C005CA3AF,
				556E5D8206C3411C005CA3AF,
				556E5D8306C3411C005CA3AF,
				556E5D8406C3411C005CA3AF,
				556E5D8506C3411C005CA3AF,
				556E5D8606C3411C005CA3AF,
			);
			isa = PBXGroup;
			name = "Flirt Wrappers";
			path = "src/Flirt Wrappers";
			refType = 4;
			sourceTree = "<group>";
		};
		556E5D7806C3411C005CA3AF = {
			fileEncoding = 30;
			isa = PBXFileReference;
			lastKnownFileType = sourcecode.c.h;
			path = SWFAction.h;
			refType = 4;
			sourceTree = "<group>";
		};
		556E5D7906C3411C005CA3AF = {
			fileEncoding = 30;
			isa = PBXFileReference;
			lastKnownFileType = sourcecode.c.objc;
			path = SWFAction.m;
			refType = 4;
			sourceTree = "<group>";
		};
		556E5D7A06C3411C005CA3AF = {
			fileEncoding = 30;
			isa = PBXFileReference;
			lastKnownFileType = sourcecode.c.h;
			path = SWFActionObject.h;
			refType = 4;
			sourceTree = "<group>";
		};
		556E5D7B06C3411C005CA3AF = {
			fileEncoding = 30;
			isa = PBXFileReference;
			lastKnownFileType = sourcecode.c.objc;
			path = SWFActionObject.m;
			refType = 4;
			sourceTree = "<group>";
		};
		556E5D7C06C3411C005CA3AF = {
			fileEncoding = 30;
			isa = PBXFileReference;
			lastKnownFileType = sourcecode.c.h;
			path = SWFActionValue.h;
			refType = 4;
			sourceTree = "<group>";
		};
		556E5D7D06C3411C005CA3AF = {
			fileEncoding = 30;
			isa = PBXFileReference;
			lastKnownFileType = sourcecode.c.objc;
			path = SWFActionValue.m;
			refType = 4;
			sourceTree = "<group>";
		};
		556E5D7E06C3411C005CA3AF = {
			fileEncoding = 30;
			isa = PBXFileReference;
			lastKnownFileType = sourcecode.c.h;
			path = SWFCharacter.h;
			refType = 4;
			sourceTree = "<group>";
		};
		556E5D7F06C3411C005CA3AF = {
			fileEncoding = 30;
			isa = PBXFileReference;
			lastKnownFileType = sourcecode.c.h;
			path = SWFDrawable.h;
			refType = 4;
			sourceTree = "<group>";
		};
		556E5D8006C3411C005CA3AF = {
			fileEncoding = 30;
			isa = PBXFileReference;
			lastKnownFileType = sourcecode.c.objc;
			path = SWFDrawable.m;
			refType = 4;
			sourceTree = "<group>";
		};
		556E5D8106C3411C005CA3AF = {
			fileEncoding = 30;
			isa = PBXFileReference;
			lastKnownFileType = sourcecode.c.h;
			path = SWFMovieClip.h;
			refType = 4;
			sourceTree = "<group>";
		};
		556E5D8206C3411C005CA3AF = {
			fileEncoding = 30;
			isa = PBXFileReference;
			lastKnownFileType = sourcecode.c.objc;
			path = SWFMovieClip.m;
			refType = 4;
			sourceTree = "<group>";
		};
		556E5D8306C3411C005CA3AF = {
			fileEncoding = 30;
			isa = PBXFileReference;
			lastKnownFileType = sourcecode.c.h;
			path = SWFPlayer.h;
			refType = 4;
			sourceTree = "<group>";
		};
		556E5D8406C3411C005CA3AF = {
			fileEncoding = 30;
			isa = PBXFileReference;
			lastKnownFileType = sourcecode.c.objc;
			path = SWFPlayer.m;
			refType = 4;
			sourceTree = "<group>";
		};
		556E5D8506C3411C005CA3AF = {
			fileEncoding = 30;
			isa = PBXFileReference;
			lastKnownFileType = sourcecode.c.h;
			path = SWFTimelineItem.h;
			refType = 4;
			sourceTree = "<group>";
		};
		556E5D8606C3411C005CA3AF = {
			fileEncoding = 30;
			isa = PBXFileReference;
			lastKnownFileType = sourcecode.c.objc;
			path = SWFTimelineItem.m;
			refType = 4;
			sourceTree = "<group>";
		};
		556E5D8706C3411C005CA3AF = {
			fileRef = 556E5D7806C3411C005CA3AF;
			isa = PBXBuildFile;
			settings = {
			};
		};
		556E5D8806C3411C005CA3AF = {
			fileRef = 556E5D7906C3411C005CA3AF;
			isa = PBXBuildFile;
			settings = {
			};
		};
		556E5D8906C3411C005CA3AF = {
			fileRef = 556E5D7A06C3411C005CA3AF;
			isa = PBXBuildFile;
			settings = {
			};
		};
		556E5D8A06C3411C005CA3AF = {
			fileRef = 556E5D7B06C3411C005CA3AF;
			isa = PBXBuildFile;
			settings = {
			};
		};
		556E5D8B06C3411C005CA3AF = {
			fileRef = 556E5D7C06C3411C005CA3AF;
			isa = PBXBuildFile;
			settings = {
			};
		};
		556E5D8C06C3411C005CA3AF = {
			fileRef = 556E5D7D06C3411C005CA3AF;
			isa = PBXBuildFile;
			settings = {
			};
		};
		556E5D8D06C3411C005CA3AF = {
			fileRef = 556E5D7E06C3411C005CA3AF;
			isa = PBXBuildFile;
			settings = {
			};
		};
		556E5D8E06C3411C005CA3AF = {
			fileRef = 556E5D7F06C3411C005CA3AF;
			isa = PBXBuildFile;
			settings = {
			};
		};
		556E5D8F06C3411C005CA3AF = {
			fileRef = 556E5D8006C3411C005CA3AF;
			isa = PBXBuildFile;
			settings = {
			};
		};
		556E5D9006C3411C005CA3AF = {
			fileRef = 556E5D8106C3411C005CA3AF;
			isa = PBXBuildFile;
			settings = {
			};
		};
		556E5D9106C3411C005CA3AF = {
			fileRef = 556E5D8206C3411C005CA3AF;
			isa = PBXBuildFile;
			settings = {
			};
		};
		556E5D9206C3411C005CA3AF = {
			fileRef = 556E5D8306C3411C005CA3AF;
			isa = PBXBuildFile;
			settings = {
			};
		};
		556E5D9306C3411C005CA3AF = {
			fileRef = 556E5D8406C3411C005CA3AF;
			isa = PBXBuildFile;
			settings = {
			};
		};
		556E5D9406C3411C005CA3AF = {
			fileRef = 556E5D8506C3411C005CA3AF;
			isa = PBXBuildFile;
			settings = {
			};
		};
		556E5D9506C3411C005CA3AF = {
			fileRef = 556E5D8606C3411C005CA3AF;
			isa = PBXBuildFile;
			settings = {
			};
		};
		558C578D0829F73F00A1E433 = {
			fileEncoding = 4;
			isa = PBXFileReference;
			lastKnownFileType = sourcecode.c.h;
			name = ringbuffer.h;
			path = /Users/dave/Desktop/code/flirt/SDL/ringbuffer.h;
			refType = 0;
			sourceTree = "<absolute>";
		};
		558C578E0829F73F00A1E433 = {
			fileRef = 558C578D0829F73F00A1E433;
			isa = PBXBuildFile;
			settings = {
			};
		};
		558C578F0829F88E00A1E433 = {
			fileRef = 558CCBA8082881AA00FDA749;
			isa = PBXBuildFile;
			settings = {
			};
		};
		558CCBA8082881AA00FDA749 = {
			fileEncoding = 4;
			isa = PBXFileReference;
			lastKnownFileType = sourcecode.c.c;
			name = ringbuffer.c;
			path = /Users/dave/Desktop/code/flirt/SDL/ringbuffer.c;
			refType = 0;
			sourceTree = "<absolute>";
		};
		558CCBA9082881AA00FDA749 = {
			fileRef = 558CCBA8082881AA00FDA749;
			isa = PBXBuildFile;
			settings = {
			};
		};
		559D59BA081ED402003DA7A6 = {
			fileEncoding = 30;
			isa = PBXFileReference;
			lastKnownFileType = sourcecode.c.c;
			path = sound.c;
			refType = 4;
			sourceTree = "<group>";
		};
		559D59BB081ED402003DA7A6 = {
			fileEncoding = 30;
			isa = PBXFileReference;
			lastKnownFileType = sourcecode.c.h;
			path = sound.h;
			refType = 4;
			sourceTree = "<group>";
		};
		559D59BC081ED402003DA7A6 = {
			fileRef = 559D59BA081ED402003DA7A6;
			isa = PBXBuildFile;
			settings = {
			};
		};
		559D59BD081ED402003DA7A6 = {
			fileRef = 559D59BB081ED402003DA7A6;
			isa = PBXBuildFile;
			settings = {
			};
		};
		559D5BB8081F03AB003DA7A6 = {
			fileRef = F5BEC66B047BF7A901A800AB;
			isa = PBXBuildFile;
			settings = {
			};
		};
		55A2F2F006CD86C3005813D4 = {
			fileEncoding = 30;
			isa = PBXFileReference;
			lastKnownFileType = sourcecode.c.h;
			name = "flirt-debug.h";
			path = "../flirt-debug.h";
			refType = 2;
			sourceTree = SOURCE_ROOT;
		};
		55A2F2F106CD86C3005813D4 = {
			fileEncoding = 30;
			isa = PBXFileReference;
			lastKnownFileType = sourcecode.c.h;
			name = flirt.h;
			path = ../flirt.h;
			refType = 2;
			sourceTree = SOURCE_ROOT;
		};
		55A2F2F206CD86C3005813D4 = {
			fileRef = 55A2F2F006CD86C3005813D4;
			isa = PBXBuildFile;
			settings = {
			};
		};
		55A2F2F306CD86C3005813D4 = {
			fileRef = 55A2F2F106CD86C3005813D4;
			isa = PBXBuildFile;
			settings = {
			};
		};
		55A2F35006CD96A7005813D4 = {
			fileEncoding = 30;
			isa = PBXFileReference;
			lastKnownFileType = sourcecode.c.c;
			path = action.c;
			refType = 4;
			sourceTree = "<group>";
		};
		55A2F35106CD96A7005813D4 = {
			fileRef = 55A2F35006CD96A7005813D4;
			isa = PBXBuildFile;
			settings = {
			};
		};
		55DDC6E0068AA79A0069B050 = {
			fileEncoding = 4;
			isa = PBXFileReference;
			lastKnownFileType = sourcecode.c.c;
			path = date_class.c;
			refType = 4;
			sourceTree = "<group>";
		};
		55DDC6E1068AA79A0069B050 = {
			fileRef = 55DDC6E0068AA79A0069B050;
			isa = PBXBuildFile;
			settings = {
			};
		};
		55ED4613057DC5A000775E5C = {
			fileEncoding = 4;
			isa = PBXFileReference;
			lastKnownFileType = sourcecode.c.h;
			name = DebugController.h;
			path = src/DebugController.h;
			refType = 4;
			sourceTree = "<group>";
		};
		55ED4614057DC5A000775E5C = {
			fileEncoding = 4;
			isa = PBXFileReference;
			lastKnownFileType = sourcecode.c.objc;
			name = DebugController.m;
			path = src/DebugController.m;
			refType = 4;
			sourceTree = "<group>";
		};
		55ED461F057DCB6C00775E5C = {
			fileEncoding = 30;
			isa = PBXFileReference;
			lastKnownFileType = sourcecode.c.h;
			name = AppDelegate.h;
			path = src/AppDelegate.h;
			refType = 4;
			sourceTree = "<group>";
		};
		55ED4620057DCB6C00775E5C = {
			fileEncoding = 30;
			isa = PBXFileReference;
			lastKnownFileType = sourcecode.c.objc;
			name = AppDelegate.m;
			path = src/AppDelegate.m;
			refType = 4;
			sourceTree = "<group>";
		};
		55ED4623057DCB7400775E5C = {
			fileEncoding = 30;
			isa = PBXFileReference;
			lastKnownFileType = sourcecode.c.h;
			name = FlashView.h;
			path = src/FlashView.h;
			refType = 4;
			sourceTree = "<group>";
		};
		55ED4624057DCB7400775E5C = {
			fileEncoding = 30;
			isa = PBXFileReference;
			lastKnownFileType = sourcecode.c.objc;
			name = FlashView.m;
			path = src/FlashView.m;
			refType = 4;
			sourceTree = "<group>";
		};
		55ED4629057DCB8700775E5C = {
			children = (
				55ED462A057DCB8700775E5C,
			);
			isa = PBXVariantGroup;
			name = Debugger.nib;
			path = "";
			refType = 4;
			sourceTree = "<group>";
		};
		55ED462A057DCB8700775E5C = {
			isa = PBXFileReference;
			lastKnownFileType = wrapper.nib;
			name = English;
			path = English.lproj/Debugger.nib;
			refType = 4;
			sourceTree = "<group>";
		};
		55ED4638057DCF1D00775E5C = {
			fileEncoding = 30;
			isa = PBXFileReference;
			lastKnownFileType = sourcecode.c.objc;
			name = main.m;
			path = src/main.m;
			refType = 4;
			sourceTree = "<group>";
		};
		55F31AC906D5CEDC00271D86 = {
			fileEncoding = 4;
			isa = PBXFileReference;
			lastKnownFileType = sourcecode.c.c;
			path = function_class.c;
			refType = 4;
			sourceTree = "<group>";
		};
		55F31ACA06D5CEDC00271D86 = {
			fileRef = 55F31AC906D5CEDC00271D86;
			isa = PBXBuildFile;
			settings = {
			};
		};
		55FACCBD06D9322C00B7BE9D = {
			fileEncoding = 30;
			isa = PBXFileReference;
			lastKnownFileType = sourcecode.c.c;
			name = imageext.c;
			path = ../imageext.c;
			refType = 2;
			sourceTree = SOURCE_ROOT;
		};
		55FACCBE06D9322C00B7BE9D = {
			fileRef = 55FACCBD06D9322C00B7BE9D;
			isa = PBXBuildFile;
			settings = {
			};
		};
//550
//551
//552
//553
//554
//F50
//F51
//F52
//F53
//F54
		F5158C91042E521001410DE9 = {
			fileEncoding = 30;
			isa = PBXFileReference;
			lastKnownFileType = sourcecode.c.h;
			path = opcodes.h;
			refType = 4;
			sourceTree = "<group>";
		};
		F5158C93042E521A01410DE9 = {
			fileEncoding = 30;
			isa = PBXFileReference;
			lastKnownFileType = sourcecode.c.c;
			path = opcodes.c;
			refType = 4;
			sourceTree = "<group>";
		};
		F5158C96042E6CB101410DE9 = {
			fileEncoding = 30;
			isa = PBXFileReference;
			lastKnownFileType = sourcecode.c.c;
			path = readaction.c;
			refType = 4;
			sourceTree = "<group>";
		};
		F5158C98042E6CB901410DE9 = {
			fileEncoding = 30;
			isa = PBXFileReference;
			lastKnownFileType = sourcecode.c.h;
			path = readaction.h;
			refType = 4;
			sourceTree = "<group>";
		};
		F5532CEC0414908501A800BD = {
			children = (
				F5532D24041490B601A800BD,
				F5532D47041490B601A800BD,
				F5532D67041490B601A800BD,
				F5532CF3041490B601A800BD,
				F5BEC66A047BF76C01A800AB,
				F5532D21041490B601A800BD,
				F5532D45041490B601A800BD,
				F5532D44041490B601A800BD,
				F5532D65041490B601A800BD,
				550A31080820A11500AE7041,
			);
			isa = PBXGroup;
			name = src;
			path = ../src;
			refType = 2;
			sourceTree = SOURCE_ROOT;
		};
		F5532CF3041490B601A800BD = {
			children = (
				552762150683C5E3006F9AF7,
				55A2F35006CD96A7005813D4,
				F5532CF5041490B601A800BD,
				F57685240419E57D01A800BD,
				F5532CF6041490B601A800BD,
				5549BE0B06D84CE700042D6A,
				5549BE1C06D84CF200042D6A,
				F5532CF7041490B601A800BD,
				F5532CF8041490B601A800BD,
				F5532CF9041490B601A800BD,
				F5532CFA041490B601A800BD,
				F5532CFB041490B601A800BD,
				F5532CFC041490B601A800BD,
				F5532CFD041490B601A800BD,
				F5532CFE041490B601A800BD,
				F5532CFF041490B601A800BD,
				F5532D00041490B601A800BD,
				F5532D02041490B601A800BD,
				F5532D03041490B601A800BD,
				F5158C93042E521A01410DE9,
				F5158C91042E521001410DE9,
				F5532D1C041490B601A800BD,
				F5532D1D041490B601A800BD,
				F5532D1E041490B601A800BD,
				F5532D1F041490B601A800BD,
				F55CD14704805E1E01A800BD,
			);
			isa = PBXGroup;
			path = action;
			refType = 4;
			sourceTree = "<group>";
		};
		F5532CF5041490B601A800BD = {
			fileEncoding = 30;
			isa = PBXFileReference;
			lastKnownFileType = sourcecode.c.h;
			path = action.h;
			refType = 4;
			sourceTree = "<group>";
		};
		F5532CF6041490B601A800BD = {
			fileEncoding = 30;
			isa = PBXFileReference;
			lastKnownFileType = sourcecode.c.h;
			path = bytecodes.h;
			refType = 4;
			sourceTree = "<group>";
		};
		F5532CF7041490B601A800BD = {
			fileEncoding = 30;
			isa = PBXFileReference;
			lastKnownFileType = sourcecode.c.c;
			path = context.c;
			refType = 4;
			sourceTree = "<group>";
		};
		F5532CF8041490B601A800BD = {
			fileEncoding = 30;
			isa = PBXFileReference;
			lastKnownFileType = sourcecode.c.h;
			path = context.h;
			refType = 4;
			sourceTree = "<group>";
		};
		F5532CF9041490B601A800BD = {
			fileEncoding = 30;
			isa = PBXFileReference;
			lastKnownFileType = sourcecode.c.c;
			path = event.c;
			refType = 4;
			sourceTree = "<group>";
		};
		F5532CFA041490B601A800BD = {
			fileEncoding = 30;
			isa = PBXFileReference;
			lastKnownFileType = sourcecode.c.h;
			path = event.h;
			refType = 4;
			sourceTree = "<group>";
		};
		F5532CFB041490B601A800BD = {
			fileEncoding = 30;
			isa = PBXFileReference;
			lastKnownFileType = sourcecode.c.c;
			path = function.c;
			refType = 4;
			sourceTree = "<group>";
		};
		F5532CFC041490B601A800BD = {
			fileEncoding = 30;
			isa = PBXFileReference;
			lastKnownFileType = sourcecode.c.h;
			path = function.h;
			refType = 4;
			sourceTree = "<group>";
		};
		F5532CFD041490B601A800BD = {
			fileEncoding = 30;
			isa = PBXFileReference;
			lastKnownFileType = sourcecode.c.c;
			path = hash.c;
			refType = 4;
			sourceTree = "<group>";
		};
		F5532CFE041490B601A800BD = {
			fileEncoding = 30;
			isa = PBXFileReference;
			lastKnownFileType = sourcecode.c.h;
			path = hash.h;
			refType = 4;
			sourceTree = "<group>";
		};
		F5532CFF041490B601A800BD = {
			fileEncoding = 30;
			isa = PBXFileReference;
			lastKnownFileType = sourcecode.c.c;
			path = locals.c;
			refType = 4;
			sourceTree = "<group>";
		};
		F5532D00041490B601A800BD = {
			fileEncoding = 30;
			isa = PBXFileReference;
			lastKnownFileType = sourcecode.c.h;
			path = locals.h;
			refType = 4;
			sourceTree = "<group>";
		};
		F5532D02041490B601A800BD = {
			fileEncoding = 30;
			isa = PBXFileReference;
			lastKnownFileType = sourcecode.c.c;
			path = object.c;
			refType = 4;
			sourceTree = "<group>";
		};
		F5532D03041490B601A800BD = {
			fileEncoding = 30;
			isa = PBXFileReference;
			lastKnownFileType = sourcecode.c.h;
			path = object.h;
			refType = 4;
			sourceTree = "<group>";
		};
		F5532D1C041490B601A800BD = {
			fileEncoding = 30;
			isa = PBXFileReference;
			lastKnownFileType = sourcecode.c.c;
			path = stack.c;
			refType = 4;
			sourceTree = "<group>";
		};
		F5532D1D041490B601A800BD = {
			fileEncoding = 30;
			isa = PBXFileReference;
			lastKnownFileType = sourcecode.c.h;
			path = stack.h;
			refType = 4;
			sourceTree = "<group>";
		};
		F5532D1E041490B601A800BD = {
			fileEncoding = 30;
			isa = PBXFileReference;
			lastKnownFileType = sourcecode.c.c;
			path = value.c;
			refType = 4;
			sourceTree = "<group>";
		};
		F5532D1F041490B601A800BD = {
			fileEncoding = 4;
			isa = PBXFileReference;
			lastKnownFileType = sourcecode.c.h;
			path = value.h;
			refType = 4;
			sourceTree = "<group>";
		};
		F5532D21041490B601A800BD = {
			fileEncoding = 30;
			isa = PBXFileReference;
			lastKnownFileType = sourcecode.c.c;
			path = libdd.c;
			refType = 4;
			sourceTree = "<group>";
		};
		F5532D24041490B601A800BD = {
			children = (
				F5532D25041490B601A800BD,
				F5532D26041490B601A800BD,
				F5532D27041490B601A800BD,
				F5532D42041490B601A800BD,
				F5532D43041490B601A800BD,
				F5532D2A041490B601A800BD,
				F5532D2B041490B601A800BD,
				F5532D2C041490B601A800BD,
				F5532D2D041490B601A800BD,
				F5532D2E041490B601A800BD,
				F5532D2F041490B601A800BD,
				F5532D31041490B601A800BD,
				F5532D32041490B601A800BD,
				F5532D33041490B601A800BD,
				F5532D34041490B601A800BD,
				F5532D35041490B601A800BD,
				F5532D36041490B601A800BD,
				F5532D37041490B601A800BD,
				F5532D3A041490B601A800BD,
				F5532D3B041490B601A800BD,
				F5532D3C041490B601A800BD,
				F5532D3D041490B601A800BD,
				F5532D3E041490B601A800BD,
				F5532D3F041490B601A800BD,
				F5532D40041490B601A800BD,
				F5532D41041490B601A800BD,
			);
			isa = PBXGroup;
			path = render;
			refType = 4;
			sourceTree = "<group>";
		};
		F5532D25041490B601A800BD = {
			fileEncoding = 30;
			isa = PBXFileReference;
			lastKnownFileType = sourcecode.c.h;
			path = alphablend.h;
			refType = 4;
			sourceTree = "<group>";
		};
		F5532D26041490B601A800BD = {
			fileEncoding = 30;
			isa = PBXFileReference;
			lastKnownFileType = sourcecode.c.c;
			path = cxform.c;
			refType = 4;
			sourceTree = "<group>";
		};
		F5532D27041490B601A800BD = {
			fileEncoding = 30;
			isa = PBXFileReference;
			lastKnownFileType = sourcecode.c.h;
			path = cxform.h;
			refType = 4;
			sourceTree = "<group>";
		};
		F5532D2A041490B601A800BD = {
			fileEncoding = 30;
			isa = PBXFileReference;
			lastKnownFileType = sourcecode.c.c;
			path = fill.c;
			refType = 4;
			sourceTree = "<group>";
		};
		F5532D2B041490B601A800BD = {
			fileEncoding = 30;
			isa = PBXFileReference;
			lastKnownFileType = sourcecode.c.h;
			path = fill.h;
			refType = 4;
			sourceTree = "<group>";
		};
		F5532D2C041490B601A800BD = {
			fileEncoding = 30;
			isa = PBXFileReference;
			lastKnownFileType = sourcecode.c.c;
			path = gradient.c;
			refType = 4;
			sourceTree = "<group>";
		};
		F5532D2D041490B601A800BD = {
			fileEncoding = 30;
			isa = PBXFileReference;
			lastKnownFileType = sourcecode.c.h;
			path = gradient.h;
			refType = 4;
			sourceTree = "<group>";
		};
		F5532D2E041490B601A800BD = {
			fileEncoding = 30;
			isa = PBXFileReference;
			lastKnownFileType = sourcecode.c.c;
			path = image.c;
			refType = 4;
			sourceTree = "<group>";
		};
		F5532D2F041490B601A800BD = {
			fileEncoding = 30;
			isa = PBXFileReference;
			lastKnownFileType = sourcecode.c.h;
			path = image.h;
			refType = 4;
			sourceTree = "<group>";
		};
		F5532D31041490B601A800BD = {
			fileEncoding = 30;
			isa = PBXFileReference;
			lastKnownFileType = sourcecode.c.c;
			path = matrix.c;
			refType = 4;
			sourceTree = "<group>";
		};
		F5532D32041490B601A800BD = {
			fileEncoding = 30;
			isa = PBXFileReference;
			lastKnownFileType = sourcecode.c.h;
			path = matrix.h;
			refType = 4;
			sourceTree = "<group>";
		};
		F5532D33041490B601A800BD = {
			fileEncoding = 30;
			isa = PBXFileReference;
			lastKnownFileType = sourcecode.c.c;
			path = raster.c;
			refType = 4;
			sourceTree = "<group>";
		};
		F5532D34041490B601A800BD = {
			fileEncoding = 30;
			isa = PBXFileReference;
			lastKnownFileType = sourcecode.c.h;
			path = raster.h;
			refType = 4;
			sourceTree = "<group>";
		};
		F5532D35041490B601A800BD = {
			fileEncoding = 30;
			isa = PBXFileReference;
			lastKnownFileType = sourcecode.c.c;
			path = raster_bitmap.c;
			refType = 4;
			sourceTree = "<group>";
		};
		F5532D36041490B601A800BD = {
			fileEncoding = 30;
			isa = PBXFileReference;
			lastKnownFileType = sourcecode.c.c;
			path = raster_grad.c;
			refType = 4;
			sourceTree = "<group>";
		};
		F5532D37041490B601A800BD = {
			fileEncoding = 30;
			isa = PBXFileReference;
			lastKnownFileType = sourcecode.c.c;
			path = raster_solid.c;
			refType = 4;
			sourceTree = "<group>";
		};
		F5532D3A041490B601A800BD = {
			fileEncoding = 30;
			isa = PBXFileReference;
			lastKnownFileType = sourcecode.c.c;
			path = rect.c;
			refType = 4;
			sourceTree = "<group>";
		};
		F5532D3B041490B601A800BD = {
			fileEncoding = 30;
			isa = PBXFileReference;
			lastKnownFileType = sourcecode.c.h;
			path = rect.h;
			refType = 4;
			sourceTree = "<group>";
		};
		F5532D3C041490B601A800BD = {
			fileEncoding = 30;
			isa = PBXFileReference;
			lastKnownFileType = sourcecode.c.c;
			path = shape.c;
			refType = 4;
			sourceTree = "<group>";
		};
		F5532D3D041490B601A800BD = {
			fileEncoding = 30;
			isa = PBXFileReference;
			lastKnownFileType = sourcecode.c.h;
			path = shape.h;
			refType = 4;
			sourceTree = "<group>";
		};
		F5532D3E041490B601A800BD = {
			fileEncoding = 30;
			isa = PBXFileReference;
			lastKnownFileType = sourcecode.c.c;
			path = shapeinstance.c;
			refType = 4;
			sourceTree = "<group>";
		};
		F5532D3F041490B601A800BD = {
			fileEncoding = 30;
			isa = PBXFileReference;
			lastKnownFileType = sourcecode.c.h;
			path = shapeinstance.h;
			refType = 4;
			sourceTree = "<group>";
		};
		F5532D40041490B601A800BD = {
			fileEncoding = 30;
			isa = PBXFileReference;
			lastKnownFileType = sourcecode.c.c;
			path = updatelist.c;
			refType = 4;
			sourceTree = "<group>";
		};
		F5532D41041490B601A800BD = {
			fileEncoding = 30;
			isa = PBXFileReference;
			lastKnownFileType = sourcecode.c.h;
			path = updatelist.h;
			refType = 4;
			sourceTree = "<group>";
		};
		F5532D42041490B601A800BD = {
			fileEncoding = 30;
			isa = PBXFileReference;
			lastKnownFileType = sourcecode.c.c;
			path = edgelist.c;
			refType = 4;
			sourceTree = "<group>";
		};
		F5532D43041490B601A800BD = {
			fileEncoding = 30;
			isa = PBXFileReference;
			lastKnownFileType = sourcecode.c.h;
			path = edgelist.h;
			refType = 4;
			sourceTree = "<group>";
		};
		F5532D44041490B601A800BD = {
			fileEncoding = 30;
			isa = PBXFileReference;
			lastKnownFileType = sourcecode.c.h;
			path = types.h;
			refType = 4;
			sourceTree = "<group>";
		};
		F5532D45041490B601A800BD = {
			fileEncoding = 30;
			isa = PBXFileReference;
			lastKnownFileType = sourcecode.c.c;
			path = types.c;
			refType = 4;
			sourceTree = "<group>";
		};
		F5532D47041490B601A800BD = {
			children = (
				F5532D48041490B601A800BD,
				F5532D4A041490B601A800BD,
				F5532D4B041490B601A800BD,
				F5158C96042E6CB101410DE9,
				F5158C98042E6CB901410DE9,
				F5532D4C041490B601A800BD,
				F5532D4D041490B601A800BD,
				F5532D4E041490B601A800BD,
				F5532D4F041490B601A800BD,
				F5532D50041490B601A800BD,
				F5532D51041490B601A800BD,
				F5532D52041490B601A800BD,
				F5532D53041490B601A800BD,
				F5532D55041490B601A800BD,
				F5532D56041490B601A800BD,
				F5532D57041490B601A800BD,
				F5532D58041490B601A800BD,
				F5532D5B041490B601A800BD,
				F5532D5C041490B601A800BD,
				F5532D5D041490B601A800BD,
				F5532D5E041490B601A800BD,
				F5532D5F041490B601A800BD,
				F5532D60041490B601A800BD,
				F5532D61041490B601A800BD,
				F5532D62041490B601A800BD,
				F5532D63041490B601A800BD,
			);
			isa = PBXGroup;
			path = format;
			refType = 4;
			sourceTree = "<group>";
		};
		F5532D48041490B601A800BD = {
			fileEncoding = 30;
			isa = PBXFileReference;
			lastKnownFileType = sourcecode.c.h;
			path = blocktypes.h;
			refType = 4;
			sourceTree = "<group>";
		};
		F5532D4A041490B601A800BD = {
			fileEncoding = 30;
			isa = PBXFileReference;
			lastKnownFileType = sourcecode.c.c;
			path = read.c;
			refType = 4;
			sourceTree = "<group>";
		};
		F5532D4B041490B601A800BD = {
			fileEncoding = 30;
			isa = PBXFileReference;
			lastKnownFileType = sourcecode.c.h;
			path = read.h;
			refType = 4;
			sourceTree = "<group>";
		};
		F5532D4C041490B601A800BD = {
			fileEncoding = 30;
			isa = PBXFileReference;
			lastKnownFileType = sourcecode.c.c;
			path = readbitmap.c;
			refType = 4;
			sourceTree = "<group>";
		};
		F5532D4D041490B601A800BD = {
			fileEncoding = 30;
			isa = PBXFileReference;
			lastKnownFileType = sourcecode.c.h;
			path = readbitmap.h;
			refType = 4;
			sourceTree = "<group>";
		};
		F5532D4E041490B601A800BD = {
			fileEncoding = 30;
			isa = PBXFileReference;
			lastKnownFileType = sourcecode.c.c;
			path = readbutton.c;
			refType = 4;
			sourceTree = "<group>";
		};
		F5532D4F041490B601A800BD = {
			fileEncoding = 30;
			isa = PBXFileReference;
			lastKnownFileType = sourcecode.c.h;
			path = readbutton.h;
			refType = 4;
			sourceTree = "<group>";
		};
		F5532D50041490B601A800BD = {
			fileEncoding = 30;
			isa = PBXFileReference;
			lastKnownFileType = sourcecode.c.c;
			path = readfont.c;
			refType = 4;
			sourceTree = "<group>";
		};
		F5532D51041490B601A800BD = {
			fileEncoding = 30;
			isa = PBXFileReference;
			lastKnownFileType = sourcecode.c.h;
			path = readfont.h;
			refType = 4;
			sourceTree = "<group>";
		};
		F5532D52041490B601A800BD = {
			fileEncoding = 30;
			isa = PBXFileReference;
			lastKnownFileType = sourcecode.c.c;
			path = readjpeg.c;
			refType = 4;
			sourceTree = "<group>";
		};
		F5532D53041490B601A800BD = {
			fileEncoding = 30;
			isa = PBXFileReference;
			lastKnownFileType = sourcecode.c.h;
			path = readjpeg.h;
			refType = 4;
			sourceTree = "<group>";
		};
		F5532D55041490B601A800BD = {
			fileEncoding = 30;
			isa = PBXFileReference;
			lastKnownFileType = sourcecode.c.c;
			path = readplace.c;
			refType = 4;
			sourceTree = "<group>";
		};
		F5532D56041490B601A800BD = {
			fileEncoding = 30;
			isa = PBXFileReference;
			lastKnownFileType = sourcecode.c.h;
			path = readplace.h;
			refType = 4;
			sourceTree = "<group>";
		};
		F5532D57041490B601A800BD = {
			fileEncoding = 30;
			isa = PBXFileReference;
			lastKnownFileType = sourcecode.c.c;
			path = readshape.c;
			refType = 4;
			sourceTree = "<group>";
		};
		F5532D58041490B601A800BD = {
			fileEncoding = 30;
			isa = PBXFileReference;
			lastKnownFileType = sourcecode.c.h;
			path = readshape.h;
			refType = 4;
			sourceTree = "<group>";
		};
		F5532D5B041490B601A800BD = {
			fileEncoding = 30;
			isa = PBXFileReference;
			lastKnownFileType = sourcecode.c.c;
			path = readsound.c;
			refType = 4;
			sourceTree = "<group>";
		};
		F5532D5C041490B601A800BD = {
			fileEncoding = 30;
			isa = PBXFileReference;
			lastKnownFileType = sourcecode.c.h;
			path = readsound.h;
			refType = 4;
			sourceTree = "<group>";
		};
		F5532D5D041490B601A800BD = {
			fileEncoding = 30;
			isa = PBXFileReference;
			lastKnownFileType = sourcecode.c.c;
			path = readsprite.c;
			refType = 4;
			sourceTree = "<group>";
		};
		F5532D5E041490B601A800BD = {
			fileEncoding = 30;
			isa = PBXFileReference;
			lastKnownFileType = sourcecode.c.h;
			path = readsprite.h;
			refType = 4;
			sourceTree = "<group>";
		};
		F5532D5F041490B601A800BD = {
			fileEncoding = 30;
			isa = PBXFileReference;
			lastKnownFileType = sourcecode.c.c;
			path = readswf.c;
			refType = 4;
			sourceTree = "<group>";
		};
		F5532D60041490B601A800BD = {
			fileEncoding = 30;
			isa = PBXFileReference;
			lastKnownFileType = sourcecode.c.c;
			path = readtext.c;
			refType = 4;
			sourceTree = "<group>";
		};
		F5532D61041490B601A800BD = {
			fileEncoding = 30;
			isa = PBXFileReference;
			lastKnownFileType = sourcecode.c.h;
			path = readtext.h;
			refType = 4;
			sourceTree = "<group>";
		};
		F5532D62041490B601A800BD = {
			fileEncoding = 30;
			isa = PBXFileReference;
			lastKnownFileType = sourcecode.c.c;
			path = readthread.c;
			refType = 4;
			sourceTree = "<group>";
		};
		F5532D63041490B601A800BD = {
			fileEncoding = 30;
			isa = PBXFileReference;
			lastKnownFileType = sourcecode.c.h;
			path = readthread.h;
			refType = 4;
			sourceTree = "<group>";
		};
		F5532D65041490B601A800BD = {
			fileEncoding = 30;
			isa = PBXFileReference;
			lastKnownFileType = sourcecode.c.h;
			path = dd.h;
			refType = 4;
			sourceTree = "<group>";
		};
		F5532D67041490B601A800BD = {
			children = (
				F5532D68041490B601A800BD,
				F5532D69041490B601A800BD,
				F5532D6C041490B601A800BD,
				F5532D6D041490B601A800BD,
				F5532D6E041490B601A800BD,
				F5532D6F041490B601A800BD,
				F5532D70041490B601A800BD,
				F5532D71041490B601A800BD,
				F5532D72041490B601A800BD,
				F5532D73041490B601A800BD,
				F5532D74041490B601A800BD,
				F5532D75041490B601A800BD,
				F5532D76041490B601A800BD,
				F5532D77041490B601A800BD,
				F5532D78041490B601A800BD,
				F5532D79041490B601A800BD,
				F5532D7A041490B601A800BD,
				F5532D7B041490B601A800BD,
				F5532D7C041490B601A800BD,
				F5532D7D041490B601A800BD,
				F5532D7E041490B601A800BD,
				F5532D7F041490B601A800BD,
				F5532D80041490B601A800BD,
				F5532D81041490B601A800BD,
				F5532D82041490B601A800BD,
				F5532D84041490B601A800BD,
				F5532D85041490B601A800BD,
				F5532D86041490B601A800BD,
				F5532D87041490B601A800BD,
				F5532D88041490B601A800BD,
				F5532D89041490B601A800BD,
				559D59BA081ED402003DA7A6,
				559D59BB081ED402003DA7A6,
				F5532D8B041490B601A800BD,
				F5532D8C041490B601A800BD,
				F5532D8D041490B601A800BD,
				F5532D8E041490B601A800BD,
				F5532D8F041490B601A800BD,
				F5532D90041490B601A800BD,
			);
			isa = PBXGroup;
			path = player;
			refType = 4;
			sourceTree = "<group>";
		};
		F5532D68041490B601A800BD = {
			fileEncoding = 30;
			isa = PBXFileReference;
			lastKnownFileType = sourcecode.c.c;
			path = button.c;
			refType = 4;
			sourceTree = "<group>";
		};
		F5532D69041490B601A800BD = {
			fileEncoding = 30;
			isa = PBXFileReference;
			lastKnownFileType = sourcecode.c.h;
			path = button.h;
			refType = 4;
			sourceTree = "<group>";
		};
		F5532D6C041490B601A800BD = {
			fileEncoding = 30;
			isa = PBXFileReference;
			lastKnownFileType = sourcecode.c.c;
			path = character.c;
			refType = 4;
			sourceTree = "<group>";
		};
		F5532D6D041490B601A800BD = {
			fileEncoding = 30;
			isa = PBXFileReference;
			lastKnownFileType = sourcecode.c.h;
			path = character.h;
			refType = 4;
			sourceTree = "<group>";
		};
		F5532D6E041490B601A800BD = {
			fileEncoding = 30;
			isa = PBXFileReference;
			lastKnownFileType = sourcecode.c.h;
			path = charbutton.h;
			refType = 4;
			sourceTree = "<group>";
		};
		F5532D6F041490B601A800BD = {
			fileEncoding = 30;
			isa = PBXFileReference;
			lastKnownFileType = sourcecode.c.c;
			path = charlist.c;
			refType = 4;
			sourceTree = "<group>";
		};
		F5532D70041490B601A800BD = {
			fileEncoding = 30;
			isa = PBXFileReference;
			lastKnownFileType = sourcecode.c.h;
			path = charlist.h;
			refType = 4;
			sourceTree = "<group>";
		};
		F5532D71041490B601A800BD = {
			fileEncoding = 30;
			isa = PBXFileReference;
			lastKnownFileType = sourcecode.c.c;
			path = displaylist.c;
			refType = 4;
			sourceTree = "<group>";
		};
		F5532D72041490B601A800BD = {
			fileEncoding = 30;
			isa = PBXFileReference;
			lastKnownFileType = sourcecode.c.h;
			path = displaylist.h;
			refType = 4;
			sourceTree = "<group>";
		};
		F5532D73041490B601A800BD = {
			fileEncoding = 30;
			isa = PBXFileReference;
			lastKnownFileType = sourcecode.c.c;
			path = drawable.c;
			refType = 4;
			sourceTree = "<group>";
		};
		F5532D74041490B601A800BD = {
			fileEncoding = 30;
			isa = PBXFileReference;
			lastKnownFileType = sourcecode.c.h;
			path = drawable.h;
			refType = 4;
			sourceTree = "<group>";
		};
		F5532D75041490B601A800BD = {
			fileEncoding = 30;
			isa = PBXFileReference;
			lastKnownFileType = sourcecode.c.c;
			path = drawbutton.c;
			refType = 4;
			sourceTree = "<group>";
		};
		F5532D76041490B601A800BD = {
			fileEncoding = 30;
			isa = PBXFileReference;
			lastKnownFileType = sourcecode.c.h;
			path = drawbutton.h;
			refType = 4;
			sourceTree = "<group>";
		};
		F5532D77041490B601A800BD = {
			fileEncoding = 30;
			isa = PBXFileReference;
			lastKnownFileType = sourcecode.c.c;
			path = drawclip.c;
			refType = 4;
			sourceTree = "<group>";
		};
		F5532D78041490B601A800BD = {
			fileEncoding = 30;
			isa = PBXFileReference;
			lastKnownFileType = sourcecode.c.h;
			path = drawclip.h;
			refType = 4;
			sourceTree = "<group>";
		};
		F5532D79041490B601A800BD = {
			fileEncoding = 30;
			isa = PBXFileReference;
			lastKnownFileType = sourcecode.c.c;
			path = drawmorph.c;
			refType = 4;
			sourceTree = "<group>";
		};
		F5532D7A041490B601A800BD = {
			fileEncoding = 30;
			isa = PBXFileReference;
			lastKnownFileType = sourcecode.c.h;
			path = drawmorph.h;
			refType = 4;
			sourceTree = "<group>";
		};
		F5532D7B041490B601A800BD = {
			fileEncoding = 30;
			isa = PBXFileReference;
			lastKnownFileType = sourcecode.c.c;
			path = drawshape.c;
			refType = 4;
			sourceTree = "<group>";
		};
		F5532D7C041490B601A800BD = {
			fileEncoding = 30;
			isa = PBXFileReference;
			lastKnownFileType = sourcecode.c.h;
			path = drawshape.h;
			refType = 4;
			sourceTree = "<group>";
		};
		F5532D7D041490B601A800BD = {
			fileEncoding = 30;
			isa = PBXFileReference;
			lastKnownFileType = sourcecode.c.c;
			path = drawtext.c;
			refType = 4;
			sourceTree = "<group>";
		};
		F5532D7E041490B601A800BD = {
			fileEncoding = 30;
			isa = PBXFileReference;
			lastKnownFileType = sourcecode.c.h;
			path = drawtext.h;
			refType = 4;
			sourceTree = "<group>";
		};
		F5532D7F041490B601A800BD = {
			fileEncoding = 30;
			isa = PBXFileReference;
			lastKnownFileType = sourcecode.c.c;
			path = drawtextfield.c;
			refType = 4;
			sourceTree = "<group>";
		};
		F5532D80041490B601A800BD = {
			fileEncoding = 30;
			isa = PBXFileReference;
			lastKnownFileType = sourcecode.c.h;
			path = drawtextfield.h;
			refType = 4;
			sourceTree = "<group>";
		};
		F5532D81041490B601A800BD = {
			fileEncoding = 30;
			isa = PBXFileReference;
			lastKnownFileType = sourcecode.c.c;
			path = font.c;
			refType = 4;
			sourceTree = "<group>";
		};
		F5532D82041490B601A800BD = {
			fileEncoding = 30;
			isa = PBXFileReference;
			lastKnownFileType = sourcecode.c.h;
			path = font.h;
			refType = 4;
			sourceTree = "<group>";
		};
		F5532D84041490B601A800BD = {
			fileEncoding = 30;
			isa = PBXFileReference;
			lastKnownFileType = sourcecode.c.c;
			path = morphshape.c;
			refType = 4;
			sourceTree = "<group>";
		};
		F5532D85041490B601A800BD = {
			fileEncoding = 30;
			isa = PBXFileReference;
			lastKnownFileType = sourcecode.c.h;
			path = morphshape.h;
			refType = 4;
			sourceTree = "<group>";
		};
		F5532D86041490B601A800BD = {
			fileEncoding = 30;
			isa = PBXFileReference;
			lastKnownFileType = sourcecode.c.c;
			path = movieclip.c;
			refType = 4;
			sourceTree = "<group>";
		};
		F5532D87041490B601A800BD = {
			fileEncoding = 30;
			isa = PBXFileReference;
			lastKnownFileType = sourcecode.c.h;
			path = movieclip.h;
			refType = 4;
			sourceTree = "<group>";
		};
		F5532D88041490B601A800BD = {
			fileEncoding = 30;
			isa = PBXFileReference;
			lastKnownFileType = sourcecode.c.c;
			path = player.c;
			refType = 4;
			sourceTree = "<group>";
		};
		F5532D89041490B601A800BD = {
			fileEncoding = 30;
			isa = PBXFileReference;
			lastKnownFileType = sourcecode.c.h;
			path = player.h;
			refType = 4;
			sourceTree = "<group>";
		};
		F5532D8B041490B601A800BD = {
			fileEncoding = 30;
			isa = PBXFileReference;
			lastKnownFileType = sourcecode.c.c;
			path = text.c;
			refType = 4;
			sourceTree = "<group>";
		};
		F5532D8C041490B601A800BD = {
			fileEncoding = 30;
			isa = PBXFileReference;
			lastKnownFileType = sourcecode.c.h;
			path = text.h;
			refType = 4;
			sourceTree = "<group>";
		};
		F5532D8D041490B601A800BD = {
			fileEncoding = 30;
			isa = PBXFileReference;
			lastKnownFileType = sourcecode.c.c;
			path = textfield.c;
			refType = 4;
			sourceTree = "<group>";
		};
		F5532D8E041490B601A800BD = {
			fileEncoding = 30;
			isa = PBXFileReference;
			lastKnownFileType = sourcecode.c.h;
			path = textfield.h;
			refType = 4;
			sourceTree = "<group>";
		};
		F5532D8F041490B601A800BD = {
			fileEncoding = 30;
			isa = PBXFileReference;
			lastKnownFileType = sourcecode.c.c;
			path = timeline.c;
			refType = 4;
			sourceTree = "<group>";
		};
		F5532D90041490B601A800BD = {
			fileEncoding = 30;
			isa = PBXFileReference;
			lastKnownFileType = sourcecode.c.h;
			path = timeline.h;
			refType = 4;
			sourceTree = "<group>";
		};
		F55CD14704805E1E01A800BD = {
			fileEncoding = 30;
			isa = PBXFileReference;
			lastKnownFileType = sourcecode.c.c;
			path = listopcodes.c;
			refType = 4;
			sourceTree = "<group>";
		};
		F57685240419E57D01A800BD = {
			fileEncoding = 30;
			isa = PBXFileReference;
			lastKnownFileType = sourcecode.c.h;
			path = actiontypes.h;
			refType = 4;
			sourceTree = "<group>";
		};
		F5B58826041C1A0201A800BD = {
			isa = PBXFileReference;
			lastKnownFileType = image.tiff;
			path = fingerCursor.tiff;
			refType = 4;
			sourceTree = "<group>";
		};
		F5B89879047EFD6601A800AB = {
			isa = PBXFileReference;
			lastKnownFileType = wrapper.framework;
			name = Carbon.framework;
			path = /System/Library/Frameworks/Carbon.framework;
			refType = 0;
			sourceTree = "<absolute>";
		};
		F5BEC66A047BF76C01A800AB = {
			children = (
				550A307E08209BA000AE7041,
				550A308508209BC100AE7041,
				F5BEC66B047BF7A901A800AB,
				F5BEC66D047BF7C001A800AB,
			);
			isa = PBXGroup;
			path = sound;
			refType = 4;
			sourceTree = "<group>";
		};
		F5BEC66B047BF7A901A800AB = {
			fileEncoding = 30;
			isa = PBXFileReference;
			lastKnownFileType = sourcecode.c.c;
			path = mixer.c;
			refType = 4;
			sourceTree = "<group>";
		};
		F5BEC66D047BF7C001A800AB = {
			fileEncoding = 30;
			isa = PBXFileReference;
			lastKnownFileType = sourcecode.c.h;
			path = mixer.h;
			refType = 4;
			sourceTree = "<group>";
		};
	};
	rootObject = 29B97313FDCFA39411CA2CEA;
}
